
Microsoft Visual Studio Solution File, Format Version 12.00
# Visual Studio Version 16
VisualStudioVersion = 16.0.31624.102
MinimumVisualStudioVersion = 10.0.40219.1
Project("{8BC9CEB8-8B4A-11D0-8D11-00A0C91BC942}") = "Hello_World", "Hello_World\Hello_World.vcxproj", "{7C419F02-D635-48B6-9C0B-A22789A16D7B}"
EndProject
Project("{8BC9CEB8-8B4A-11D0-8D11-00A0C91BC942}") = "1.1_program_structure", "1.1_program_structure\1.1_program_structure.vcxproj", "{83158BDD-F539-429C-A3FD-E897D1F8BF6A}"
EndProject
Project("{8BC9CEB8-8B4A-11D0-8D11-00A0C91BC942}") = "1.3_variables", "1.3_variables\1.3_variables.vcxproj", "{FE2118DD-6B5B-43F3-BD94-E98CF75AF99A}"
EndProject
Project("{8BC9CEB8-8B4A-11D0-8D11-00A0C91BC942}") = "1.4_basic_input_output_stream", "1.4_basic_input_output_stream\1.4_basic_input_output_stream.vcxproj", "{36DAFFD2-33C6-48F0-878F-DB85BCDE2BBB}"
EndProject
Project("{8BC9CEB8-8B4A-11D0-8D11-00A0C91BC942}") = "1.5_basic_function", "1.5_basic_function\1.5_basic_function.vcxproj", "{1892B593-30B1-4367-9ED8-F3A11929055C}"
EndProject
Project("{8BC9CEB8-8B4A-11D0-8D11-00A0C91BC942}") = "1.7_local_scope", "1.7_local_scope\1.7_local_scope.vcxproj", "{80113B1E-0BE8-4CDB-B68B-158F4CEFDE7F}"
EndProject
Project("{8BC9CEB8-8B4A-11D0-8D11-00A0C91BC942}") = "1.8_operators", "1.8_operators\1.8_operators.vcxproj", "{5783BFE3-923D-497E-A854-3E68C82328D8}"
EndProject
Project("{8BC9CEB8-8B4A-11D0-8D11-00A0C91BC942}") = "1.9_basic_formatting", "1.9_basic_formatting\1.9_basic_formatting.vcxproj", "{3D383BF6-23FC-4587-BC37-4F96EA56B923}"
EndProject
Project("{8BC9CEB8-8B4A-11D0-8D11-00A0C91BC942}") = "1.10_seperate_Declaration_and_Definition", "1.10_seperate_Declaration_and_Definition\1.10_seperate_Declaration_and_Definition.vcxproj", "{89BECB2E-4697-4273-939D-B079AA707821}"
EndProject
Project("{8BC9CEB8-8B4A-11D0-8D11-00A0C91BC942}") = "1.11_header_file", "1.11_header_file\1.11_header_file.vcxproj", "{16644DD9-69E9-418E-8639-5CD5DEC8ACE9}"
EndProject
Project("{8BC9CEB8-8B4A-11D0-8D11-00A0C91BC942}") = "1.12_header_guard", "1.12_header_guard\1.12_header_guard.vcxproj", "{9F1C8F24-BB95-4FD2-AE48-8C16901A14CD}"
EndProject
Project("{8BC9CEB8-8B4A-11D0-8D11-00A0C91BC942}") = "1.13_namespace", "1.13_namespace\1.13_namespace.vcxproj", "{30405FF4-EDC4-4298-BE27-7E7820A7CA51}"
EndProject
Project("{8BC9CEB8-8B4A-11D0-8D11-00A0C91BC942}") = "1.14_preprocessor", "1.14_preprocessor\1.14_preprocessor.vcxproj", "{D560E1D9-86EC-4570-BC9A-895B375F658A}"
EndProject
Project("{8BC9CEB8-8B4A-11D0-8D11-00A0C91BC942}") = "2.1_fundamental_data_types", "2.1_fundamental_data_types\2.1_fundamental_data_types.vcxproj", "{29FA8155-014A-4C12-A826-4B817B6A3093}"
EndProject
Project("{8BC9CEB8-8B4A-11D0-8D11-00A0C91BC942}") = "2.2_integers", "2.2_integers\2.2_integers.vcxproj", "{F2860875-D83A-4A21-8AA1-83EC43F2FC6E}"
EndProject
Project("{8BC9CEB8-8B4A-11D0-8D11-00A0C91BC942}") = "2.3_fixed-width_integers", "2.3_fixed-width_integers\2.3_fixed-width_integers.vcxproj", "{48626581-6F2F-495C-B19A-77F0A92583C7}"
EndProject
Project("{8BC9CEB8-8B4A-11D0-8D11-00A0C91BC942}") = "2.4_void", "2.4_void\2.4_void.vcxproj", "{A72C04C8-EEC4-43FC-8DBA-BEF4A7A24CDD}"
EndProject
Project("{8BC9CEB8-8B4A-11D0-8D11-00A0C91BC942}") = "2.5_floating_point_numbers", "2.5_floating_point_numbers\2.5_floating_point_numbers.vcxproj", "{D2F853F9-91D0-4D25-A25C-A35FE1E6AC2E}"
EndProject
Project("{8BC9CEB8-8B4A-11D0-8D11-00A0C91BC942}") = "2.6_boolean_type_and_if", "2.6_boolean_type_and_if\2.6_boolean_type_and_if.vcxproj", "{632A9C81-DE36-4D41-B923-C8B53160594A}"
EndProject
Project("{8BC9CEB8-8B4A-11D0-8D11-00A0C91BC942}") = "2.7_char_type", "2.7_char_type\2.7_char_type.vcxproj", "{601D3B3F-311E-4A6E-8ECD-3B57F5A77419}"
EndProject
Project("{8BC9CEB8-8B4A-11D0-8D11-00A0C91BC942}") = "2.8_literal_constants", "2.8_literal_constants\2.8_literal_constants.vcxproj", "{5854CD91-7CAD-4866-8749-BECBA5CFE35B}"
EndProject
Project("{8BC9CEB8-8B4A-11D0-8D11-00A0C91BC942}") = "2.9_symbolic_constants", "2.9_symbolic_constants\2.9_symbolic_constants.vcxproj", "{96B528D9-510C-47F3-9C9D-0C5AE4EBBDE3}"
EndProject
Project("{8BC9CEB8-8B4A-11D0-8D11-00A0C91BC942}") = "3.1_operator_precedence_and_associativity", "3.1_operator_precedence_and_associativity\3.1_operator_precedence_and_associativity.vcxproj", "{B5FB263E-E691-4E73-A42F-F9AABCA68496}"
EndProject
Project("{8BC9CEB8-8B4A-11D0-8D11-00A0C91BC942}") = "3.2_arithmetic_operators", "3.2_arithmetic_operators\3.2_arithmetic_operators.vcxproj", "{03E18CC0-D15F-485D-97E0-E514DA1D679B}"
EndProject
Project("{8BC9CEB8-8B4A-11D0-8D11-00A0C91BC942}") = "3.3_increment_decrement_operators", "3.3_increment_decrement_operators\3.3_increment_decrement_operators.vcxproj", "{A6386AC1-9715-408E-89F0-FD3DAE6CB25D}"
EndProject
Project("{8BC9CEB8-8B4A-11D0-8D11-00A0C91BC942}") = "3.4_sizeof_and_comma_operator_and_conditional_operator", "3.4_sizeof_and_comma_operator_and_conditional_operator\3.4_sizeof_and_comma_operator_and_conditional_operator.vcxproj", "{7740564C-F65C-4E71-A419-782F5D28FE5A}"
EndProject
Project("{8BC9CEB8-8B4A-11D0-8D11-00A0C91BC942}") = "3.5_relational_operators", "3.5_relational_operators\3.5_relational_operators.vcxproj", "{997E29EE-11B6-4BBB-BFBB-2DFC6BC7FCBD}"
EndProject
Project("{8BC9CEB8-8B4A-11D0-8D11-00A0C91BC942}") = "3.6_logical_operators", "3.6_logical_operators\3.6_logical_operators.vcxproj", "{37185AD9-9DD6-4462-BE3D-34AB68FA17A5}"
EndProject
Project("{8BC9CEB8-8B4A-11D0-8D11-00A0C91BC942}") = "3.8_bitwise_operators", "3.8_bitwise_operators\3.8_bitwise_operators.vcxproj", "{ECAEFAE9-2A2A-4D1F-93CA-DC03801564BB}"
EndProject
Project("{8BC9CEB8-8B4A-11D0-8D11-00A0C91BC942}") = "3.9_bit_flags_and_bit_masks", "3.9_bit_flags_and_bit_masks\3.9_bit_flags_and_bit_masks.vcxproj", "{4AEE6F61-0EC8-457D-BE5D-1A8F422F24AA}"
EndProject
Project("{8BC9CEB8-8B4A-11D0-8D11-00A0C91BC942}") = "4.1_scope_and_duration_of_local_variables", "4.1_scope_and_duration_of_local_variables\4.1_scope_and_duration_of_local_variables.vcxproj", "{690E9C43-0273-48BD-8BF9-AA33ED29FD58}"
EndProject
Project("{8BC9CEB8-8B4A-11D0-8D11-00A0C91BC942}") = "4.2_global_variable_and_static_variable_and_internal_linkage_and_external_linkage", "4.2_global_variable_and_static_variable_and_internal_linkage_and_external_linkage\4.2_global_variable_and_static_variable_and_internal_linkage_and_external_linkage.vcxproj", "{47824BC0-8FCE-40D7-B59D-40580679830F}"
EndProject
Project("{8BC9CEB8-8B4A-11D0-8D11-00A0C91BC942}") = "4.3 Using_and_Ambiguity", "4.3 Using_and_Ambiguity\4.3 Using_and_Ambiguity.vcxproj", "{AD10470F-8C95-4289-AE00-CF9AD9000788}"
EndProject
Project("{8BC9CEB8-8B4A-11D0-8D11-00A0C91BC942}") = "4.4_auto_and_type_inference", "4.4_auto_and_type_inference\4.4_auto_and_type_inference.vcxproj", "{35D0F686-CE1D-44C5-A379-4CF956AC1384}"
EndProject
Project("{8BC9CEB8-8B4A-11D0-8D11-00A0C91BC942}") = "4.5_coersion_and_casting", "4.5_coersion_and_casting\4.5_coersion_and_casting.vcxproj", "{F868E5DE-F6F3-4684-90E2-376210A16CC5}"
EndProject
Project("{8BC9CEB8-8B4A-11D0-8D11-00A0C91BC942}") = "4.6_std_string", "4.6_std_string\4.6_std_string.vcxproj", "{CB18B200-1756-4B08-958C-846E07BADABC}"
EndProject
Project("{8BC9CEB8-8B4A-11D0-8D11-00A0C91BC942}") = "4.7_enumerated_types", "4.7_enumerated_types\4.7_enumerated_types.vcxproj", "{8B0B4881-E611-4EB7-85EC-9C536AB313D9}"
EndProject
Project("{8BC9CEB8-8B4A-11D0-8D11-00A0C91BC942}") = "4.8_Scoped_Enumerations", "4.8_Scoped_Enumerations\4.8_Scoped_Enumerations.vcxproj", "{FD57B32B-DC92-4D37-B381-E9BA25AAD7D3}"
EndProject
Project("{8BC9CEB8-8B4A-11D0-8D11-00A0C91BC942}") = "4.9_Type_aliases", "4.9_Type_aliases\4.9_Type_aliases.vcxproj", "{9102456B-1EB5-414D-88B2-9D7124D359C0}"
EndProject
Project("{8BC9CEB8-8B4A-11D0-8D11-00A0C91BC942}") = "4.10_struct", "4.10_struct\4.10_struct.vcxproj", "{85BE88A8-D974-4627-9E81-2B41A7B47EDD}"
EndProject
Project("{8BC9CEB8-8B4A-11D0-8D11-00A0C91BC942}") = "5.1_control_flow", "5.1_control_flow\5.1_control_flow.vcxproj", "{5ED81534-4E98-4065-94D1-9E4707ABE730}"
EndProject
Project("{8BC9CEB8-8B4A-11D0-8D11-00A0C91BC942}") = "5.2_if", "5.2_if\5.2_if.vcxproj", "{F3586E43-8BB7-4054-BE66-38B67BB4CF92}"
EndProject
Project("{8BC9CEB8-8B4A-11D0-8D11-00A0C91BC942}") = "5.3_switch-case", "5.3_switch-case\5.3_switch-case.vcxproj", "{24D7B0BF-18DA-496D-9DAA-9A45155C4BF0}"
EndProject
Project("{8BC9CEB8-8B4A-11D0-8D11-00A0C91BC942}") = "5.4_goto", "5.4_goto\5.4_goto.vcxproj", "{F23E5F15-F080-46F3-9AD0-3691C64FCF5B}"
EndProject
Project("{8BC9CEB8-8B4A-11D0-8D11-00A0C91BC942}") = "5.5_while", "5.5_while\5.5_while.vcxproj", "{9DC0412D-36D9-4432-901F-A6D163155C00}"
EndProject
Project("{8BC9CEB8-8B4A-11D0-8D11-00A0C91BC942}") = "5.6_do-while", "5.6_do-while\5.6_do-while.vcxproj", "{8DAC0094-DE10-46E1-A405-1FDED105D89C}"
EndProject
Project("{8BC9CEB8-8B4A-11D0-8D11-00A0C91BC942}") = "5.7_for", "5.7_for\5.7_for.vcxproj", "{E131E254-0952-48C9-9B8B-29F9859F9BEC}"
EndProject
Project("{8BC9CEB8-8B4A-11D0-8D11-00A0C91BC942}") = "5.8_break_and_continue", "5.8_break_and_continue\5.8_break_and_continue.vcxproj", "{AE935C1E-A93C-4FF1-862D-4D3E64852B0F}"
EndProject
Project("{8BC9CEB8-8B4A-11D0-8D11-00A0C91BC942}") = "5.9_random_numbers", "5.9_random_numbers\5.9_random_numbers.vcxproj", "{C9098DB3-C19E-432F-81ED-30A31AFF39AA}"
EndProject
Project("{8BC9CEB8-8B4A-11D0-8D11-00A0C91BC942}") = "5.10_use_better_cin", "5.10_use_better_cin\5.10_use_better_cin.vcxproj", "{3FD5C152-A148-43B7-8423-E98AF37B0C8C}"
EndProject
Project("{8BC9CEB8-8B4A-11D0-8D11-00A0C91BC942}") = "6.1_basic_of_array_1", "6.1_basic_of_array_1\6.1_basic_of_array_1.vcxproj", "{EE203C4D-6F0F-44D2-8CBC-B4BFF0CE894D}"
EndProject
Project("{8BC9CEB8-8B4A-11D0-8D11-00A0C91BC942}") = "6.2_basic_of_array_2", "6.2_basic_of_array_2\6.2_basic_of_array_2.vcxproj", "{6CE7B755-9CFA-4CE2-806C-EBBB3B294C47}"
EndProject
Project("{8BC9CEB8-8B4A-11D0-8D11-00A0C91BC942}") = "6.3_array_and_loop", "6.3_array_and_loop\6.3_array_and_loop.vcxproj", "{B9CA1DD1-4C83-4631-9C9F-15180FE12E56}"
EndProject
Project("{8BC9CEB8-8B4A-11D0-8D11-00A0C91BC942}") = "6.4_array_and_selection_sort", "6.4_array_and_selection_sort\6.4_array_and_selection_sort.vcxproj", "{9320489F-DD3B-4D39-892F-6DA9F140AA32}"
EndProject
Project("{8BC9CEB8-8B4A-11D0-8D11-00A0C91BC942}") = "6.5_muti-dimensional_array", "6.5_muti-dimensional_array\6.5_muti-dimensional_array.vcxproj", "{9467405E-0533-4959-9200-E25C74034710}"
EndProject
Project("{8BC9CEB8-8B4A-11D0-8D11-00A0C91BC942}") = "6.6_c_style_array_string", "6.6_c_style_array_string\6.6_c_style_array_string.vcxproj", "{87247413-E5E5-4AF6-A088-65EF78B59B85}"
EndProject
Project("{8BC9CEB8-8B4A-11D0-8D11-00A0C91BC942}") = "6.7_basic_usage_of_pointer", "6.7_basic_usage_of_pointer\6.7_basic_usage_of_pointer.vcxproj", "{8EE7FDA1-1744-48DA-953E-135EA441D316}"
EndProject
Project("{8BC9CEB8-8B4A-11D0-8D11-00A0C91BC942}") = "6.7a_null_pointer", "6.7a_null_pointer\6.7a_null_pointer.vcxproj", "{C7B68071-BB38-499B-9E56-A5B2A803620E}"
EndProject
Project("{8BC9CEB8-8B4A-11D0-8D11-00A0C91BC942}") = "6.8_pointer_and_array", "6.8_pointer_and_array\6.8_pointer_and_array.vcxproj", "{367C97FC-2E7F-4DBB-B8C6-F6D843E8A723}"
EndProject
Project("{8BC9CEB8-8B4A-11D0-8D11-00A0C91BC942}") = "6.9_calculation_of_pointer_and_array_indexing", "6.9_calculation_of_pointer_and_array_indexing\6.9_calculation_of_pointer_and_array_indexing.vcxproj", "{65E47473-4BB5-4967-9A2F-0F5615E58CAB}"
EndProject
Project("{8BC9CEB8-8B4A-11D0-8D11-00A0C91BC942}") = "6.10_string_symbolic_constant_of_c_style", "6.10_string_symbolic_constant_of_c_style\6.10_string_symbolic_constant_of_c_style.vcxproj", "{2553C0A1-CA2C-482D-9577-357434A6FAF4}"
EndProject
Project("{8BC9CEB8-8B4A-11D0-8D11-00A0C91BC942}") = "6.11_dynamic_memory_allocation_(new_and_delete)", "6.11_dynamic_memory_allocation_(new_and_delete)\6.11_dynamic_memory_allocation_(new_and_delete).vcxproj", "{FA3A0B99-130B-43BE-BBDF-A8D59CE974C4}"
EndProject
Project("{8BC9CEB8-8B4A-11D0-8D11-00A0C91BC942}") = "6.12_dynamically_allocating_arrays", "6.12_dynamically_allocating_arrays\6.12_dynamically_allocating_arrays.vcxproj", "{39806D8D-A036-4987-B287-983CC7187E1E}"
EndProject
Project("{8BC9CEB8-8B4A-11D0-8D11-00A0C91BC942}") = "6.13_pointer_and_const", "6.13_pointer_and_const\6.13_pointer_and_const.vcxproj", "{A58CAECB-6715-4343-AB96-24E12DE0165D}"
EndProject
Project("{8BC9CEB8-8B4A-11D0-8D11-00A0C91BC942}") = "6.14_reference_variable", "6.14_reference_variable\6.14_reference_variable.vcxproj", "{36D678E1-4D2F-4E16-B047-84B735177695}"
EndProject
Project("{8BC9CEB8-8B4A-11D0-8D11-00A0C91BC942}") = "6.15 참조와 const", "6.15 참조와 const\6.15 참조와 const.vcxproj", "{088B6E2E-5B2A-45CA-A4B0-E9B031531D0C}"
EndProject
Project("{8BC9CEB8-8B4A-11D0-8D11-00A0C91BC942}") = "6.16_member_selection_operators_of_pointer_and_reference", "6.16_member_selection_operators_of_pointer_and_reference\6.16_member_selection_operators_of_pointer_and_reference.vcxproj", "{C1600210-6BBD-40E1-ACD6-F1CB3A4C6946}"
EndProject
Project("{8BC9CEB8-8B4A-11D0-8D11-00A0C91BC942}") = "6.17_c++11_For-each_loop", "6.17_c++11_For-each_loop\6.17_c++11_For-each_loop.vcxproj", "{9E44F0AB-E5C0-4939-981C-826296CA1532}"
EndProject
Project("{8BC9CEB8-8B4A-11D0-8D11-00A0C91BC942}") = "6.18_void_pointer", "6.18_void_pointer\6.18_void_pointer.vcxproj", "{8B9CE358-8CD5-473F-BFAA-A30D4675E73D}"
EndProject
Project("{8BC9CEB8-8B4A-11D0-8D11-00A0C91BC942}") = "6.19_double_pointer_and_dynamic_multidimensional_array", "6.19_double_pointer_and_dynamic_multidimensional_array\6.19_double_pointer_and_dynamic_multidimensional_array.vcxproj", "{C78AB075-3F85-4FBC-9C8F-66EDAD32FC5D}"
EndProject
Project("{8BC9CEB8-8B4A-11D0-8D11-00A0C91BC942}") = "6.20_introduction_of_std_array", "6.20_introduction_of_std_array\6.20_introduction_of_std_array.vcxproj", "{8158834A-69EA-4174-B371-CBBAFA5FFF0E}"
EndProject
Project("{8BC9CEB8-8B4A-11D0-8D11-00A0C91BC942}") = "6.21_introduction_of_std_vector", "6.21_introduction_of_std_vector\6.21_introduction_of_std_vector.vcxproj", "{CF18DBB9-BAAF-480D-919D-2DF6D76975C8}"
EndProject
Project("{8BC9CEB8-8B4A-11D0-8D11-00A0C91BC942}") = "7.1_divide_parameter_and_argument", "7.1_divide_parameter_and_argument\7.1_divide_parameter_and_argument.vcxproj", "{D279F2AD-031F-42D8-A246-9B037F2BF138}"
EndProject
Project("{8BC9CEB8-8B4A-11D0-8D11-00A0C91BC942}") = "7.2_passing_arguments_by_value_(call_by_value)", "7.2_passing_arguments_by_value_(call_by_value)\7.2_passing_arguments_by_value_(call_by_value).vcxproj", "{EBF392C4-D076-453D-A541-E714CF1C3078}"
EndProject
Project("{8BC9CEB8-8B4A-11D0-8D11-00A0C91BC942}") = "7.3_passing_arguments_by_reference_(call_by_reference)", "7.3_passing_arguments_by_reference_(call_by_reference)\7.3_passing_arguments_by_reference_(call_by_reference).vcxproj", "{D2B124AB-7CC9-4127-BFD9-DE87A365FA3B}"
EndProject
Project("{8BC9CEB8-8B4A-11D0-8D11-00A0C91BC942}") = "7.4_passing_arguments_by_address_(call_by_address)", "7.4_passing_arguments_by_address_(call_by_address)\7.4_passing_arguments_by_address_(call_by_address).vcxproj", "{B01A0BFD-9360-431C-AC92-85805E072611}"
EndProject
Project("{8BC9CEB8-8B4A-11D0-8D11-00A0C91BC942}") = "7.5_various_returning_values", "7.5_various_returning_values\7.5_various_returning_values.vcxproj", "{1F1DBED0-8EF1-4830-88C3-9A45D1FDCCF6}"
EndProject
Project("{8BC9CEB8-8B4A-11D0-8D11-00A0C91BC942}") = "7.6_inline_functions", "7.6_inline_functions\7.6_inline_functions.vcxproj", "{B6414AAD-16D0-4091-B5B4-791242E77C34}"
EndProject
Project("{8BC9CEB8-8B4A-11D0-8D11-00A0C91BC942}") = "7.7_function_overloading", "7.7_function_overloading\7.7_function_overloading.vcxproj", "{713D267E-78FA-43C4-8FF2-6BB7FFA68B43}"
EndProject
Project("{8BC9CEB8-8B4A-11D0-8D11-00A0C91BC942}") = "7.8_default_parameters", "7.8_default_parameters\7.8_default_parameters.vcxproj", "{3B26EB8C-1343-413B-8AB7-4304ED7ECC47}"
EndProject
Project("{8BC9CEB8-8B4A-11D0-8D11-00A0C91BC942}") = "7.9_function_pointer", "7.9_function_pointer\7.9_function_pointer.vcxproj", "{C1AD4499-B35F-442D-BFF2-3E20BF3BFF0D}"
EndProject
Project("{8BC9CEB8-8B4A-11D0-8D11-00A0C91BC942}") = "7.11_to_use_std_vector_like_stack", "7.11_to_use_std_vector_like_stack\7.11_to_use_std_vector_like_stack.vcxproj", "{3FA3617D-C2FB-4E1B-87A6-526B8A8F131C}"
EndProject
Project("{8BC9CEB8-8B4A-11D0-8D11-00A0C91BC942}") = "7.12_recursive_function_call", "7.12_recursive_function_call\7.12_recursive_function_call.vcxproj", "{6F40FA7E-2CB7-40A1-A82E-BDBB23E762F8}"
EndProject
Project("{8BC9CEB8-8B4A-11D0-8D11-00A0C91BC942}") = "7.13_defensive_programming", "7.13_defensive_programming\7.13_defensive_programming.vcxproj", "{6F288E70-048D-4442-9740-2D46025A5BE1}"
EndProject
Project("{8BC9CEB8-8B4A-11D0-8D11-00A0C91BC942}") = "7.14_assert", "7.14_assert\7.14_assert.vcxproj", "{36340251-CF48-4774-BA31-F186CF50FB05}"
EndProject
Project("{8BC9CEB8-8B4A-11D0-8D11-00A0C91BC942}") = "7.15_command_line_arguments", "7.15_command_line_arguments\7.15_command_line_arguments.vcxproj", "{5555DD1C-247C-4E7A-93A0-5EADE7965E61}"
EndProject
Project("{8BC9CEB8-8B4A-11D0-8D11-00A0C91BC942}") = "7.16_ellipsis", "7.16_ellipsis\7.16_ellipsis.vcxproj", "{CED70CDA-B833-4476-8310-5C063A65A1AA}"
EndProject
Project("{8BC9CEB8-8B4A-11D0-8D11-00A0C91BC942}") = "8.1_object_oriented_programming_and_class", "8.1_object_oriented_programming_and_class\8.1_object_oriented_programming_and_class.vcxproj", "{8DEE2CE0-8D12-47D3-BD5B-EE1E80F81D2F}"
EndProject
Project("{8BC9CEB8-8B4A-11D0-8D11-00A0C91BC942}") = "8.2_encapsulation_and_access_specifiers_and_access_functions", "8.2_encapsulation_and_access_specifiers_and_access_functions\8.2_encapsulation_and_access_specifiers_and_access_functions.vcxproj", "{2846C2DE-1F6C-4B33-B7F0-3E4F50EEA6A9}"
EndProject
Project("{8BC9CEB8-8B4A-11D0-8D11-00A0C91BC942}") = "8.3_constructors", "8.3_constructors\8.3_constructors.vcxproj", "{9BC624A6-7817-47E6-B89D-EAAA32039161}"
EndProject
Project("{8BC9CEB8-8B4A-11D0-8D11-00A0C91BC942}") = "8.4_member_initializer_list", "8.4_member_initializer_list\8.4_member_initializer_list.vcxproj", "{138A12EA-3AB2-45B7-8156-98A62BB3D6DF}"
EndProject
Project("{8BC9CEB8-8B4A-11D0-8D11-00A0C91BC942}") = "8.5_delegating_constructors", "8.5_delegating_constructors\8.5_delegating_constructors.vcxproj", "{9595745E-42FA-492F-84A3-BDBFD222795D}"
EndProject
Project("{8BC9CEB8-8B4A-11D0-8D11-00A0C91BC942}") = "8.6_destructor", "8.6_destructor\8.6_destructor.vcxproj", "{21840B7A-BCCC-4ADF-8F7B-E5096AAD1B6D}"
EndProject
Project("{8BC9CEB8-8B4A-11D0-8D11-00A0C91BC942}") = "8.7_this_pointer_and_chaining_member_functions", "8.7_this_pointer_and_chaining_member_functions\8.7_this_pointer_and_chaining_member_functions.vcxproj", "{501F772A-F1A8-4712-9627-7A1A031F8BAB}"
EndProject
Project("{8BC9CEB8-8B4A-11D0-8D11-00A0C91BC942}") = "8.8_class_code_and_header_file", "8.8_class_code_and_header_file\8.8_class_code_and_header_file.vcxproj", "{C54E2032-E535-40B7-BCB5-55A672A493C5}"
EndProject
Project("{8BC9CEB8-8B4A-11D0-8D11-00A0C91BC942}") = "8.9_class_and_const", "8.9_class_and_const\8.9_class_and_const.vcxproj", "{14055549-1C13-4BA2-B816-AD43EAB5FB4E}"
EndProject
Project("{8BC9CEB8-8B4A-11D0-8D11-00A0C91BC942}") = "8.10_static_member_variables", "8.10_static_member_variables\8.10_static_member_variables.vcxproj", "{D5695148-8634-448A-9913-E33B90C550E9}"
EndProject
Project("{8BC9CEB8-8B4A-11D0-8D11-00A0C91BC942}") = "8.11_static_member_function", "8.11_static_member_function\8.11_static_member_function.vcxproj", "{D90597DB-DBB0-4EFC-A8AF-EAEB8D749577}"
EndProject
Project("{8BC9CEB8-8B4A-11D0-8D11-00A0C91BC942}") = "8.12_friend_function_and_class", "8.12_friend_function_and_class\8.12_friend_function_and_class.vcxproj", "{C2075534-50B5-43E6-8554-1891C02E30F6}"
EndProject
Project("{8BC9CEB8-8B4A-11D0-8D11-00A0C91BC942}") = "8.13_anonymous_object", "8.13_anonymous_object\8.13_anonymous_object.vcxproj", "{DAD051B2-8FD5-4795-BFEE-C3505FC8D9F3}"
EndProject
Project("{8BC9CEB8-8B4A-11D0-8D11-00A0C91BC942}") = "8.14_nested_types", "8.14_nested_types\8.14_nested_types.vcxproj", "{111FEE69-4A45-4A23-83CD-63FCD0372B01}"
EndProject
Project("{8BC9CEB8-8B4A-11D0-8D11-00A0C91BC942}") = "8.15_running_time_measurement", "8.15_running_time_measurement\8.15_running_time_measurement.vcxproj", "{869C84B0-14F4-4623-AEFD-DC550E1E3A8C}"
EndProject
Project("{8BC9CEB8-8B4A-11D0-8D11-00A0C91BC942}") = "9.1_arithmetic_operator_overloading", "9.1_arithmetic_operator_overloading\9.1_arithmetic_operator_overloading.vcxproj", "{E6B2DCAA-EA76-4179-9F14-1FD5C4570C96}"
EndProject
Project("{8BC9CEB8-8B4A-11D0-8D11-00A0C91BC942}") = "9.2_input_output_operator_overloading", "9.2_input_output_operator_overloading\9.2_input_output_operator_overloading.vcxproj", "{EA430195-741C-4DEA-AA34-513C7DB63C25}"
EndProject
Project("{8BC9CEB8-8B4A-11D0-8D11-00A0C91BC942}") = "9.3_unary_operator_overloading", "9.3_unary_operator_overloading\9.3_unary_operator_overloading.vcxproj", "{772FA210-419C-4E04-940F-3CD057F545EB}"
EndProject
Project("{8BC9CEB8-8B4A-11D0-8D11-00A0C91BC942}") = "9.4_compare_operator_overloading", "9.4_compare_operator_overloading\9.4_compare_operator_overloading.vcxproj", "{7E73C7F9-7241-4751-A2AC-0D45B95FAD60}"
EndProject
Project("{8BC9CEB8-8B4A-11D0-8D11-00A0C91BC942}") = "9.5_increment_operator_overloading", "9.5_increment_operator_overloading\9.5_increment_operator_overloading.vcxproj", "{EDCF09F3-0FDE-4739-925B-B036E587DCDB}"
EndProject
Project("{8BC9CEB8-8B4A-11D0-8D11-00A0C91BC942}") = "9.6_subscript_operator_overloading", "9.6_subscript_operator_overloading\9.6_subscript_operator_overloading.vcxproj", "{598793D2-BD18-4483-967D-09A683E8B74E}"
EndProject
Project("{8BC9CEB8-8B4A-11D0-8D11-00A0C91BC942}") = "9.7_parenthesis_operator_overloading_and_function_object_(Functor)", "9.7_parenthesis_operator_overloading_and_function_object_(Functor)\9.7_parenthesis_operator_overloading_and_function_object_(Functor).vcxproj", "{61A21336-03D2-45C3-AA77-94A8B158A027}"
EndProject
Project("{8BC9CEB8-8B4A-11D0-8D11-00A0C91BC942}") = "9.8_static_cast_(typecasts)_overloading", "9.8_static_cast_(typecasts)_overloading\9.8_static_cast_(typecasts)_overloading.vcxproj", "{F54F35D3-9B77-43A8-A363-7C82CE4104A5}"
EndProject
Project("{8BC9CEB8-8B4A-11D0-8D11-00A0C91BC942}") = "9.9_copy_constructor_and_copy_initialization_and_RVO_(Return Value Optimization)", "9.9_copy_constructor_and_copy_initialization_and_RVO_(Return Value Optimization)\9.9_copy_constructor_and_copy_initialization_and_RVO_(Return Value Optimization).vcxproj", "{25D13AE3-7B90-4C86-9BFA-356195CF5486}"
EndProject
Project("{8BC9CEB8-8B4A-11D0-8D11-00A0C91BC942}") = "9.10_converting_constructor_and_explicit_and_delete", "9.10_converting_constructor_and_explicit_and_delete\9.10_converting_constructor_and_explicit_and_delete.vcxproj", "{D7A9A3CA-2C1F-4234-9AFB-CAECCD4B909F}"
EndProject
Project("{8BC9CEB8-8B4A-11D0-8D11-00A0C91BC942}") = "9.11_deep_copy_and_shallow_copy", "9.11_deep_copy_and_shallow_copy\9.11_deep_copy_and_shallow_copy.vcxproj", "{70B2A9A7-1C23-4A0E-8F15-FE2710483706}"
EndProject
Global
	GlobalSection(SolutionConfigurationPlatforms) = preSolution
		Debug|x64 = Debug|x64
		Debug|x86 = Debug|x86
		Release|x64 = Release|x64
		Release|x86 = Release|x86
	EndGlobalSection
	GlobalSection(ProjectConfigurationPlatforms) = postSolution
		{7C419F02-D635-48B6-9C0B-A22789A16D7B}.Debug|x64.ActiveCfg = Debug|x64
		{7C419F02-D635-48B6-9C0B-A22789A16D7B}.Debug|x64.Build.0 = Debug|x64
		{7C419F02-D635-48B6-9C0B-A22789A16D7B}.Debug|x86.ActiveCfg = Debug|Win32
		{7C419F02-D635-48B6-9C0B-A22789A16D7B}.Debug|x86.Build.0 = Debug|Win32
		{7C419F02-D635-48B6-9C0B-A22789A16D7B}.Release|x64.ActiveCfg = Release|x64
		{7C419F02-D635-48B6-9C0B-A22789A16D7B}.Release|x64.Build.0 = Release|x64
		{7C419F02-D635-48B6-9C0B-A22789A16D7B}.Release|x86.ActiveCfg = Release|Win32
		{7C419F02-D635-48B6-9C0B-A22789A16D7B}.Release|x86.Build.0 = Release|Win32
		{83158BDD-F539-429C-A3FD-E897D1F8BF6A}.Debug|x64.ActiveCfg = Debug|x64
		{83158BDD-F539-429C-A3FD-E897D1F8BF6A}.Debug|x64.Build.0 = Debug|x64
		{83158BDD-F539-429C-A3FD-E897D1F8BF6A}.Debug|x86.ActiveCfg = Debug|Win32
		{83158BDD-F539-429C-A3FD-E897D1F8BF6A}.Debug|x86.Build.0 = Debug|Win32
		{83158BDD-F539-429C-A3FD-E897D1F8BF6A}.Release|x64.ActiveCfg = Release|x64
		{83158BDD-F539-429C-A3FD-E897D1F8BF6A}.Release|x64.Build.0 = Release|x64
		{83158BDD-F539-429C-A3FD-E897D1F8BF6A}.Release|x86.ActiveCfg = Release|Win32
		{83158BDD-F539-429C-A3FD-E897D1F8BF6A}.Release|x86.Build.0 = Release|Win32
		{FE2118DD-6B5B-43F3-BD94-E98CF75AF99A}.Debug|x64.ActiveCfg = Debug|x64
		{FE2118DD-6B5B-43F3-BD94-E98CF75AF99A}.Debug|x64.Build.0 = Debug|x64
		{FE2118DD-6B5B-43F3-BD94-E98CF75AF99A}.Debug|x86.ActiveCfg = Debug|Win32
		{FE2118DD-6B5B-43F3-BD94-E98CF75AF99A}.Debug|x86.Build.0 = Debug|Win32
		{FE2118DD-6B5B-43F3-BD94-E98CF75AF99A}.Release|x64.ActiveCfg = Release|x64
		{FE2118DD-6B5B-43F3-BD94-E98CF75AF99A}.Release|x64.Build.0 = Release|x64
		{FE2118DD-6B5B-43F3-BD94-E98CF75AF99A}.Release|x86.ActiveCfg = Release|Win32
		{FE2118DD-6B5B-43F3-BD94-E98CF75AF99A}.Release|x86.Build.0 = Release|Win32
		{36DAFFD2-33C6-48F0-878F-DB85BCDE2BBB}.Debug|x64.ActiveCfg = Debug|x64
		{36DAFFD2-33C6-48F0-878F-DB85BCDE2BBB}.Debug|x64.Build.0 = Debug|x64
		{36DAFFD2-33C6-48F0-878F-DB85BCDE2BBB}.Debug|x86.ActiveCfg = Debug|Win32
		{36DAFFD2-33C6-48F0-878F-DB85BCDE2BBB}.Debug|x86.Build.0 = Debug|Win32
		{36DAFFD2-33C6-48F0-878F-DB85BCDE2BBB}.Release|x64.ActiveCfg = Release|x64
		{36DAFFD2-33C6-48F0-878F-DB85BCDE2BBB}.Release|x64.Build.0 = Release|x64
		{36DAFFD2-33C6-48F0-878F-DB85BCDE2BBB}.Release|x86.ActiveCfg = Release|Win32
		{36DAFFD2-33C6-48F0-878F-DB85BCDE2BBB}.Release|x86.Build.0 = Release|Win32
		{1892B593-30B1-4367-9ED8-F3A11929055C}.Debug|x64.ActiveCfg = Debug|x64
		{1892B593-30B1-4367-9ED8-F3A11929055C}.Debug|x64.Build.0 = Debug|x64
		{1892B593-30B1-4367-9ED8-F3A11929055C}.Debug|x86.ActiveCfg = Debug|Win32
		{1892B593-30B1-4367-9ED8-F3A11929055C}.Debug|x86.Build.0 = Debug|Win32
		{1892B593-30B1-4367-9ED8-F3A11929055C}.Release|x64.ActiveCfg = Release|x64
		{1892B593-30B1-4367-9ED8-F3A11929055C}.Release|x64.Build.0 = Release|x64
		{1892B593-30B1-4367-9ED8-F3A11929055C}.Release|x86.ActiveCfg = Release|Win32
		{1892B593-30B1-4367-9ED8-F3A11929055C}.Release|x86.Build.0 = Release|Win32
		{80113B1E-0BE8-4CDB-B68B-158F4CEFDE7F}.Debug|x64.ActiveCfg = Debug|x64
		{80113B1E-0BE8-4CDB-B68B-158F4CEFDE7F}.Debug|x64.Build.0 = Debug|x64
		{80113B1E-0BE8-4CDB-B68B-158F4CEFDE7F}.Debug|x86.ActiveCfg = Debug|Win32
		{80113B1E-0BE8-4CDB-B68B-158F4CEFDE7F}.Debug|x86.Build.0 = Debug|Win32
		{80113B1E-0BE8-4CDB-B68B-158F4CEFDE7F}.Release|x64.ActiveCfg = Release|x64
		{80113B1E-0BE8-4CDB-B68B-158F4CEFDE7F}.Release|x64.Build.0 = Release|x64
		{80113B1E-0BE8-4CDB-B68B-158F4CEFDE7F}.Release|x86.ActiveCfg = Release|Win32
		{80113B1E-0BE8-4CDB-B68B-158F4CEFDE7F}.Release|x86.Build.0 = Release|Win32
		{5783BFE3-923D-497E-A854-3E68C82328D8}.Debug|x64.ActiveCfg = Debug|x64
		{5783BFE3-923D-497E-A854-3E68C82328D8}.Debug|x64.Build.0 = Debug|x64
		{5783BFE3-923D-497E-A854-3E68C82328D8}.Debug|x86.ActiveCfg = Debug|Win32
		{5783BFE3-923D-497E-A854-3E68C82328D8}.Debug|x86.Build.0 = Debug|Win32
		{5783BFE3-923D-497E-A854-3E68C82328D8}.Release|x64.ActiveCfg = Release|x64
		{5783BFE3-923D-497E-A854-3E68C82328D8}.Release|x64.Build.0 = Release|x64
		{5783BFE3-923D-497E-A854-3E68C82328D8}.Release|x86.ActiveCfg = Release|Win32
		{5783BFE3-923D-497E-A854-3E68C82328D8}.Release|x86.Build.0 = Release|Win32
		{3D383BF6-23FC-4587-BC37-4F96EA56B923}.Debug|x64.ActiveCfg = Debug|x64
		{3D383BF6-23FC-4587-BC37-4F96EA56B923}.Debug|x64.Build.0 = Debug|x64
		{3D383BF6-23FC-4587-BC37-4F96EA56B923}.Debug|x86.ActiveCfg = Debug|Win32
		{3D383BF6-23FC-4587-BC37-4F96EA56B923}.Debug|x86.Build.0 = Debug|Win32
		{3D383BF6-23FC-4587-BC37-4F96EA56B923}.Release|x64.ActiveCfg = Release|x64
		{3D383BF6-23FC-4587-BC37-4F96EA56B923}.Release|x64.Build.0 = Release|x64
		{3D383BF6-23FC-4587-BC37-4F96EA56B923}.Release|x86.ActiveCfg = Release|Win32
		{3D383BF6-23FC-4587-BC37-4F96EA56B923}.Release|x86.Build.0 = Release|Win32
		{89BECB2E-4697-4273-939D-B079AA707821}.Debug|x64.ActiveCfg = Debug|x64
		{89BECB2E-4697-4273-939D-B079AA707821}.Debug|x64.Build.0 = Debug|x64
		{89BECB2E-4697-4273-939D-B079AA707821}.Debug|x86.ActiveCfg = Debug|Win32
		{89BECB2E-4697-4273-939D-B079AA707821}.Debug|x86.Build.0 = Debug|Win32
		{89BECB2E-4697-4273-939D-B079AA707821}.Release|x64.ActiveCfg = Release|x64
		{89BECB2E-4697-4273-939D-B079AA707821}.Release|x64.Build.0 = Release|x64
		{89BECB2E-4697-4273-939D-B079AA707821}.Release|x86.ActiveCfg = Release|Win32
		{89BECB2E-4697-4273-939D-B079AA707821}.Release|x86.Build.0 = Release|Win32
		{16644DD9-69E9-418E-8639-5CD5DEC8ACE9}.Debug|x64.ActiveCfg = Debug|x64
		{16644DD9-69E9-418E-8639-5CD5DEC8ACE9}.Debug|x64.Build.0 = Debug|x64
		{16644DD9-69E9-418E-8639-5CD5DEC8ACE9}.Debug|x86.ActiveCfg = Debug|Win32
		{16644DD9-69E9-418E-8639-5CD5DEC8ACE9}.Debug|x86.Build.0 = Debug|Win32
		{16644DD9-69E9-418E-8639-5CD5DEC8ACE9}.Release|x64.ActiveCfg = Release|x64
		{16644DD9-69E9-418E-8639-5CD5DEC8ACE9}.Release|x64.Build.0 = Release|x64
		{16644DD9-69E9-418E-8639-5CD5DEC8ACE9}.Release|x86.ActiveCfg = Release|Win32
		{16644DD9-69E9-418E-8639-5CD5DEC8ACE9}.Release|x86.Build.0 = Release|Win32
		{9F1C8F24-BB95-4FD2-AE48-8C16901A14CD}.Debug|x64.ActiveCfg = Debug|x64
		{9F1C8F24-BB95-4FD2-AE48-8C16901A14CD}.Debug|x64.Build.0 = Debug|x64
		{9F1C8F24-BB95-4FD2-AE48-8C16901A14CD}.Debug|x86.ActiveCfg = Debug|Win32
		{9F1C8F24-BB95-4FD2-AE48-8C16901A14CD}.Debug|x86.Build.0 = Debug|Win32
		{9F1C8F24-BB95-4FD2-AE48-8C16901A14CD}.Release|x64.ActiveCfg = Release|x64
		{9F1C8F24-BB95-4FD2-AE48-8C16901A14CD}.Release|x64.Build.0 = Release|x64
		{9F1C8F24-BB95-4FD2-AE48-8C16901A14CD}.Release|x86.ActiveCfg = Release|Win32
		{9F1C8F24-BB95-4FD2-AE48-8C16901A14CD}.Release|x86.Build.0 = Release|Win32
		{30405FF4-EDC4-4298-BE27-7E7820A7CA51}.Debug|x64.ActiveCfg = Debug|x64
		{30405FF4-EDC4-4298-BE27-7E7820A7CA51}.Debug|x64.Build.0 = Debug|x64
		{30405FF4-EDC4-4298-BE27-7E7820A7CA51}.Debug|x86.ActiveCfg = Debug|Win32
		{30405FF4-EDC4-4298-BE27-7E7820A7CA51}.Debug|x86.Build.0 = Debug|Win32
		{30405FF4-EDC4-4298-BE27-7E7820A7CA51}.Release|x64.ActiveCfg = Release|x64
		{30405FF4-EDC4-4298-BE27-7E7820A7CA51}.Release|x64.Build.0 = Release|x64
		{30405FF4-EDC4-4298-BE27-7E7820A7CA51}.Release|x86.ActiveCfg = Release|Win32
		{30405FF4-EDC4-4298-BE27-7E7820A7CA51}.Release|x86.Build.0 = Release|Win32
		{D560E1D9-86EC-4570-BC9A-895B375F658A}.Debug|x64.ActiveCfg = Debug|x64
		{D560E1D9-86EC-4570-BC9A-895B375F658A}.Debug|x64.Build.0 = Debug|x64
		{D560E1D9-86EC-4570-BC9A-895B375F658A}.Debug|x86.ActiveCfg = Debug|Win32
		{D560E1D9-86EC-4570-BC9A-895B375F658A}.Debug|x86.Build.0 = Debug|Win32
		{D560E1D9-86EC-4570-BC9A-895B375F658A}.Release|x64.ActiveCfg = Release|x64
		{D560E1D9-86EC-4570-BC9A-895B375F658A}.Release|x64.Build.0 = Release|x64
		{D560E1D9-86EC-4570-BC9A-895B375F658A}.Release|x86.ActiveCfg = Release|Win32
		{D560E1D9-86EC-4570-BC9A-895B375F658A}.Release|x86.Build.0 = Release|Win32
		{29FA8155-014A-4C12-A826-4B817B6A3093}.Debug|x64.ActiveCfg = Debug|x64
		{29FA8155-014A-4C12-A826-4B817B6A3093}.Debug|x64.Build.0 = Debug|x64
		{29FA8155-014A-4C12-A826-4B817B6A3093}.Debug|x86.ActiveCfg = Debug|Win32
		{29FA8155-014A-4C12-A826-4B817B6A3093}.Debug|x86.Build.0 = Debug|Win32
		{29FA8155-014A-4C12-A826-4B817B6A3093}.Release|x64.ActiveCfg = Release|x64
		{29FA8155-014A-4C12-A826-4B817B6A3093}.Release|x64.Build.0 = Release|x64
		{29FA8155-014A-4C12-A826-4B817B6A3093}.Release|x86.ActiveCfg = Release|Win32
		{29FA8155-014A-4C12-A826-4B817B6A3093}.Release|x86.Build.0 = Release|Win32
		{F2860875-D83A-4A21-8AA1-83EC43F2FC6E}.Debug|x64.ActiveCfg = Debug|x64
		{F2860875-D83A-4A21-8AA1-83EC43F2FC6E}.Debug|x64.Build.0 = Debug|x64
		{F2860875-D83A-4A21-8AA1-83EC43F2FC6E}.Debug|x86.ActiveCfg = Debug|Win32
		{F2860875-D83A-4A21-8AA1-83EC43F2FC6E}.Debug|x86.Build.0 = Debug|Win32
		{F2860875-D83A-4A21-8AA1-83EC43F2FC6E}.Release|x64.ActiveCfg = Release|x64
		{F2860875-D83A-4A21-8AA1-83EC43F2FC6E}.Release|x64.Build.0 = Release|x64
		{F2860875-D83A-4A21-8AA1-83EC43F2FC6E}.Release|x86.ActiveCfg = Release|Win32
		{F2860875-D83A-4A21-8AA1-83EC43F2FC6E}.Release|x86.Build.0 = Release|Win32
		{48626581-6F2F-495C-B19A-77F0A92583C7}.Debug|x64.ActiveCfg = Debug|x64
		{48626581-6F2F-495C-B19A-77F0A92583C7}.Debug|x64.Build.0 = Debug|x64
		{48626581-6F2F-495C-B19A-77F0A92583C7}.Debug|x86.ActiveCfg = Debug|Win32
		{48626581-6F2F-495C-B19A-77F0A92583C7}.Debug|x86.Build.0 = Debug|Win32
		{48626581-6F2F-495C-B19A-77F0A92583C7}.Release|x64.ActiveCfg = Release|x64
		{48626581-6F2F-495C-B19A-77F0A92583C7}.Release|x64.Build.0 = Release|x64
		{48626581-6F2F-495C-B19A-77F0A92583C7}.Release|x86.ActiveCfg = Release|Win32
		{48626581-6F2F-495C-B19A-77F0A92583C7}.Release|x86.Build.0 = Release|Win32
		{A72C04C8-EEC4-43FC-8DBA-BEF4A7A24CDD}.Debug|x64.ActiveCfg = Debug|x64
		{A72C04C8-EEC4-43FC-8DBA-BEF4A7A24CDD}.Debug|x64.Build.0 = Debug|x64
		{A72C04C8-EEC4-43FC-8DBA-BEF4A7A24CDD}.Debug|x86.ActiveCfg = Debug|Win32
		{A72C04C8-EEC4-43FC-8DBA-BEF4A7A24CDD}.Debug|x86.Build.0 = Debug|Win32
		{A72C04C8-EEC4-43FC-8DBA-BEF4A7A24CDD}.Release|x64.ActiveCfg = Release|x64
		{A72C04C8-EEC4-43FC-8DBA-BEF4A7A24CDD}.Release|x64.Build.0 = Release|x64
		{A72C04C8-EEC4-43FC-8DBA-BEF4A7A24CDD}.Release|x86.ActiveCfg = Release|Win32
		{A72C04C8-EEC4-43FC-8DBA-BEF4A7A24CDD}.Release|x86.Build.0 = Release|Win32
		{D2F853F9-91D0-4D25-A25C-A35FE1E6AC2E}.Debug|x64.ActiveCfg = Debug|x64
		{D2F853F9-91D0-4D25-A25C-A35FE1E6AC2E}.Debug|x64.Build.0 = Debug|x64
		{D2F853F9-91D0-4D25-A25C-A35FE1E6AC2E}.Debug|x86.ActiveCfg = Debug|Win32
		{D2F853F9-91D0-4D25-A25C-A35FE1E6AC2E}.Debug|x86.Build.0 = Debug|Win32
		{D2F853F9-91D0-4D25-A25C-A35FE1E6AC2E}.Release|x64.ActiveCfg = Release|x64
		{D2F853F9-91D0-4D25-A25C-A35FE1E6AC2E}.Release|x64.Build.0 = Release|x64
		{D2F853F9-91D0-4D25-A25C-A35FE1E6AC2E}.Release|x86.ActiveCfg = Release|Win32
		{D2F853F9-91D0-4D25-A25C-A35FE1E6AC2E}.Release|x86.Build.0 = Release|Win32
		{632A9C81-DE36-4D41-B923-C8B53160594A}.Debug|x64.ActiveCfg = Debug|x64
		{632A9C81-DE36-4D41-B923-C8B53160594A}.Debug|x64.Build.0 = Debug|x64
		{632A9C81-DE36-4D41-B923-C8B53160594A}.Debug|x86.ActiveCfg = Debug|Win32
		{632A9C81-DE36-4D41-B923-C8B53160594A}.Debug|x86.Build.0 = Debug|Win32
		{632A9C81-DE36-4D41-B923-C8B53160594A}.Release|x64.ActiveCfg = Release|x64
		{632A9C81-DE36-4D41-B923-C8B53160594A}.Release|x64.Build.0 = Release|x64
		{632A9C81-DE36-4D41-B923-C8B53160594A}.Release|x86.ActiveCfg = Release|Win32
		{632A9C81-DE36-4D41-B923-C8B53160594A}.Release|x86.Build.0 = Release|Win32
		{601D3B3F-311E-4A6E-8ECD-3B57F5A77419}.Debug|x64.ActiveCfg = Debug|x64
		{601D3B3F-311E-4A6E-8ECD-3B57F5A77419}.Debug|x64.Build.0 = Debug|x64
		{601D3B3F-311E-4A6E-8ECD-3B57F5A77419}.Debug|x86.ActiveCfg = Debug|Win32
		{601D3B3F-311E-4A6E-8ECD-3B57F5A77419}.Debug|x86.Build.0 = Debug|Win32
		{601D3B3F-311E-4A6E-8ECD-3B57F5A77419}.Release|x64.ActiveCfg = Release|x64
		{601D3B3F-311E-4A6E-8ECD-3B57F5A77419}.Release|x64.Build.0 = Release|x64
		{601D3B3F-311E-4A6E-8ECD-3B57F5A77419}.Release|x86.ActiveCfg = Release|Win32
		{601D3B3F-311E-4A6E-8ECD-3B57F5A77419}.Release|x86.Build.0 = Release|Win32
		{5854CD91-7CAD-4866-8749-BECBA5CFE35B}.Debug|x64.ActiveCfg = Debug|x64
		{5854CD91-7CAD-4866-8749-BECBA5CFE35B}.Debug|x64.Build.0 = Debug|x64
		{5854CD91-7CAD-4866-8749-BECBA5CFE35B}.Debug|x86.ActiveCfg = Debug|Win32
		{5854CD91-7CAD-4866-8749-BECBA5CFE35B}.Debug|x86.Build.0 = Debug|Win32
		{5854CD91-7CAD-4866-8749-BECBA5CFE35B}.Release|x64.ActiveCfg = Release|x64
		{5854CD91-7CAD-4866-8749-BECBA5CFE35B}.Release|x64.Build.0 = Release|x64
		{5854CD91-7CAD-4866-8749-BECBA5CFE35B}.Release|x86.ActiveCfg = Release|Win32
		{5854CD91-7CAD-4866-8749-BECBA5CFE35B}.Release|x86.Build.0 = Release|Win32
		{96B528D9-510C-47F3-9C9D-0C5AE4EBBDE3}.Debug|x64.ActiveCfg = Debug|x64
		{96B528D9-510C-47F3-9C9D-0C5AE4EBBDE3}.Debug|x64.Build.0 = Debug|x64
		{96B528D9-510C-47F3-9C9D-0C5AE4EBBDE3}.Debug|x86.ActiveCfg = Debug|Win32
		{96B528D9-510C-47F3-9C9D-0C5AE4EBBDE3}.Debug|x86.Build.0 = Debug|Win32
		{96B528D9-510C-47F3-9C9D-0C5AE4EBBDE3}.Release|x64.ActiveCfg = Release|x64
		{96B528D9-510C-47F3-9C9D-0C5AE4EBBDE3}.Release|x64.Build.0 = Release|x64
		{96B528D9-510C-47F3-9C9D-0C5AE4EBBDE3}.Release|x86.ActiveCfg = Release|Win32
		{96B528D9-510C-47F3-9C9D-0C5AE4EBBDE3}.Release|x86.Build.0 = Release|Win32
		{B5FB263E-E691-4E73-A42F-F9AABCA68496}.Debug|x64.ActiveCfg = Debug|x64
		{B5FB263E-E691-4E73-A42F-F9AABCA68496}.Debug|x64.Build.0 = Debug|x64
		{B5FB263E-E691-4E73-A42F-F9AABCA68496}.Debug|x86.ActiveCfg = Debug|Win32
		{B5FB263E-E691-4E73-A42F-F9AABCA68496}.Debug|x86.Build.0 = Debug|Win32
		{B5FB263E-E691-4E73-A42F-F9AABCA68496}.Release|x64.ActiveCfg = Release|x64
		{B5FB263E-E691-4E73-A42F-F9AABCA68496}.Release|x64.Build.0 = Release|x64
		{B5FB263E-E691-4E73-A42F-F9AABCA68496}.Release|x86.ActiveCfg = Release|Win32
		{B5FB263E-E691-4E73-A42F-F9AABCA68496}.Release|x86.Build.0 = Release|Win32
		{03E18CC0-D15F-485D-97E0-E514DA1D679B}.Debug|x64.ActiveCfg = Debug|x64
		{03E18CC0-D15F-485D-97E0-E514DA1D679B}.Debug|x64.Build.0 = Debug|x64
		{03E18CC0-D15F-485D-97E0-E514DA1D679B}.Debug|x86.ActiveCfg = Debug|Win32
		{03E18CC0-D15F-485D-97E0-E514DA1D679B}.Debug|x86.Build.0 = Debug|Win32
		{03E18CC0-D15F-485D-97E0-E514DA1D679B}.Release|x64.ActiveCfg = Release|x64
		{03E18CC0-D15F-485D-97E0-E514DA1D679B}.Release|x64.Build.0 = Release|x64
		{03E18CC0-D15F-485D-97E0-E514DA1D679B}.Release|x86.ActiveCfg = Release|Win32
		{03E18CC0-D15F-485D-97E0-E514DA1D679B}.Release|x86.Build.0 = Release|Win32
		{A6386AC1-9715-408E-89F0-FD3DAE6CB25D}.Debug|x64.ActiveCfg = Debug|x64
		{A6386AC1-9715-408E-89F0-FD3DAE6CB25D}.Debug|x64.Build.0 = Debug|x64
		{A6386AC1-9715-408E-89F0-FD3DAE6CB25D}.Debug|x86.ActiveCfg = Debug|Win32
		{A6386AC1-9715-408E-89F0-FD3DAE6CB25D}.Debug|x86.Build.0 = Debug|Win32
		{A6386AC1-9715-408E-89F0-FD3DAE6CB25D}.Release|x64.ActiveCfg = Release|x64
		{A6386AC1-9715-408E-89F0-FD3DAE6CB25D}.Release|x64.Build.0 = Release|x64
		{A6386AC1-9715-408E-89F0-FD3DAE6CB25D}.Release|x86.ActiveCfg = Release|Win32
		{A6386AC1-9715-408E-89F0-FD3DAE6CB25D}.Release|x86.Build.0 = Release|Win32
		{7740564C-F65C-4E71-A419-782F5D28FE5A}.Debug|x64.ActiveCfg = Debug|x64
		{7740564C-F65C-4E71-A419-782F5D28FE5A}.Debug|x64.Build.0 = Debug|x64
		{7740564C-F65C-4E71-A419-782F5D28FE5A}.Debug|x86.ActiveCfg = Debug|Win32
		{7740564C-F65C-4E71-A419-782F5D28FE5A}.Debug|x86.Build.0 = Debug|Win32
		{7740564C-F65C-4E71-A419-782F5D28FE5A}.Release|x64.ActiveCfg = Release|x64
		{7740564C-F65C-4E71-A419-782F5D28FE5A}.Release|x64.Build.0 = Release|x64
		{7740564C-F65C-4E71-A419-782F5D28FE5A}.Release|x86.ActiveCfg = Release|Win32
		{7740564C-F65C-4E71-A419-782F5D28FE5A}.Release|x86.Build.0 = Release|Win32
		{997E29EE-11B6-4BBB-BFBB-2DFC6BC7FCBD}.Debug|x64.ActiveCfg = Debug|x64
		{997E29EE-11B6-4BBB-BFBB-2DFC6BC7FCBD}.Debug|x64.Build.0 = Debug|x64
		{997E29EE-11B6-4BBB-BFBB-2DFC6BC7FCBD}.Debug|x86.ActiveCfg = Debug|Win32
		{997E29EE-11B6-4BBB-BFBB-2DFC6BC7FCBD}.Debug|x86.Build.0 = Debug|Win32
		{997E29EE-11B6-4BBB-BFBB-2DFC6BC7FCBD}.Release|x64.ActiveCfg = Release|x64
		{997E29EE-11B6-4BBB-BFBB-2DFC6BC7FCBD}.Release|x64.Build.0 = Release|x64
		{997E29EE-11B6-4BBB-BFBB-2DFC6BC7FCBD}.Release|x86.ActiveCfg = Release|Win32
		{997E29EE-11B6-4BBB-BFBB-2DFC6BC7FCBD}.Release|x86.Build.0 = Release|Win32
		{37185AD9-9DD6-4462-BE3D-34AB68FA17A5}.Debug|x64.ActiveCfg = Debug|x64
		{37185AD9-9DD6-4462-BE3D-34AB68FA17A5}.Debug|x64.Build.0 = Debug|x64
		{37185AD9-9DD6-4462-BE3D-34AB68FA17A5}.Debug|x86.ActiveCfg = Debug|Win32
		{37185AD9-9DD6-4462-BE3D-34AB68FA17A5}.Debug|x86.Build.0 = Debug|Win32
		{37185AD9-9DD6-4462-BE3D-34AB68FA17A5}.Release|x64.ActiveCfg = Release|x64
		{37185AD9-9DD6-4462-BE3D-34AB68FA17A5}.Release|x64.Build.0 = Release|x64
		{37185AD9-9DD6-4462-BE3D-34AB68FA17A5}.Release|x86.ActiveCfg = Release|Win32
		{37185AD9-9DD6-4462-BE3D-34AB68FA17A5}.Release|x86.Build.0 = Release|Win32
		{ECAEFAE9-2A2A-4D1F-93CA-DC03801564BB}.Debug|x64.ActiveCfg = Debug|x64
		{ECAEFAE9-2A2A-4D1F-93CA-DC03801564BB}.Debug|x64.Build.0 = Debug|x64
		{ECAEFAE9-2A2A-4D1F-93CA-DC03801564BB}.Debug|x86.ActiveCfg = Debug|Win32
		{ECAEFAE9-2A2A-4D1F-93CA-DC03801564BB}.Debug|x86.Build.0 = Debug|Win32
		{ECAEFAE9-2A2A-4D1F-93CA-DC03801564BB}.Release|x64.ActiveCfg = Release|x64
		{ECAEFAE9-2A2A-4D1F-93CA-DC03801564BB}.Release|x64.Build.0 = Release|x64
		{ECAEFAE9-2A2A-4D1F-93CA-DC03801564BB}.Release|x86.ActiveCfg = Release|Win32
		{ECAEFAE9-2A2A-4D1F-93CA-DC03801564BB}.Release|x86.Build.0 = Release|Win32
		{4AEE6F61-0EC8-457D-BE5D-1A8F422F24AA}.Debug|x64.ActiveCfg = Debug|x64
		{4AEE6F61-0EC8-457D-BE5D-1A8F422F24AA}.Debug|x64.Build.0 = Debug|x64
		{4AEE6F61-0EC8-457D-BE5D-1A8F422F24AA}.Debug|x86.ActiveCfg = Debug|Win32
		{4AEE6F61-0EC8-457D-BE5D-1A8F422F24AA}.Debug|x86.Build.0 = Debug|Win32
		{4AEE6F61-0EC8-457D-BE5D-1A8F422F24AA}.Release|x64.ActiveCfg = Release|x64
		{4AEE6F61-0EC8-457D-BE5D-1A8F422F24AA}.Release|x64.Build.0 = Release|x64
		{4AEE6F61-0EC8-457D-BE5D-1A8F422F24AA}.Release|x86.ActiveCfg = Release|Win32
		{4AEE6F61-0EC8-457D-BE5D-1A8F422F24AA}.Release|x86.Build.0 = Release|Win32
		{690E9C43-0273-48BD-8BF9-AA33ED29FD58}.Debug|x64.ActiveCfg = Debug|x64
		{690E9C43-0273-48BD-8BF9-AA33ED29FD58}.Debug|x64.Build.0 = Debug|x64
		{690E9C43-0273-48BD-8BF9-AA33ED29FD58}.Debug|x86.ActiveCfg = Debug|Win32
		{690E9C43-0273-48BD-8BF9-AA33ED29FD58}.Debug|x86.Build.0 = Debug|Win32
		{690E9C43-0273-48BD-8BF9-AA33ED29FD58}.Release|x64.ActiveCfg = Release|x64
		{690E9C43-0273-48BD-8BF9-AA33ED29FD58}.Release|x64.Build.0 = Release|x64
		{690E9C43-0273-48BD-8BF9-AA33ED29FD58}.Release|x86.ActiveCfg = Release|Win32
		{690E9C43-0273-48BD-8BF9-AA33ED29FD58}.Release|x86.Build.0 = Release|Win32
		{47824BC0-8FCE-40D7-B59D-40580679830F}.Debug|x64.ActiveCfg = Debug|x64
		{47824BC0-8FCE-40D7-B59D-40580679830F}.Debug|x64.Build.0 = Debug|x64
		{47824BC0-8FCE-40D7-B59D-40580679830F}.Debug|x86.ActiveCfg = Debug|Win32
		{47824BC0-8FCE-40D7-B59D-40580679830F}.Debug|x86.Build.0 = Debug|Win32
		{47824BC0-8FCE-40D7-B59D-40580679830F}.Release|x64.ActiveCfg = Release|x64
		{47824BC0-8FCE-40D7-B59D-40580679830F}.Release|x64.Build.0 = Release|x64
		{47824BC0-8FCE-40D7-B59D-40580679830F}.Release|x86.ActiveCfg = Release|Win32
		{47824BC0-8FCE-40D7-B59D-40580679830F}.Release|x86.Build.0 = Release|Win32
		{AD10470F-8C95-4289-AE00-CF9AD9000788}.Debug|x64.ActiveCfg = Debug|x64
		{AD10470F-8C95-4289-AE00-CF9AD9000788}.Debug|x64.Build.0 = Debug|x64
		{AD10470F-8C95-4289-AE00-CF9AD9000788}.Debug|x86.ActiveCfg = Debug|Win32
		{AD10470F-8C95-4289-AE00-CF9AD9000788}.Debug|x86.Build.0 = Debug|Win32
		{AD10470F-8C95-4289-AE00-CF9AD9000788}.Release|x64.ActiveCfg = Release|x64
		{AD10470F-8C95-4289-AE00-CF9AD9000788}.Release|x64.Build.0 = Release|x64
		{AD10470F-8C95-4289-AE00-CF9AD9000788}.Release|x86.ActiveCfg = Release|Win32
		{AD10470F-8C95-4289-AE00-CF9AD9000788}.Release|x86.Build.0 = Release|Win32
		{35D0F686-CE1D-44C5-A379-4CF956AC1384}.Debug|x64.ActiveCfg = Debug|x64
		{35D0F686-CE1D-44C5-A379-4CF956AC1384}.Debug|x64.Build.0 = Debug|x64
		{35D0F686-CE1D-44C5-A379-4CF956AC1384}.Debug|x86.ActiveCfg = Debug|Win32
		{35D0F686-CE1D-44C5-A379-4CF956AC1384}.Debug|x86.Build.0 = Debug|Win32
		{35D0F686-CE1D-44C5-A379-4CF956AC1384}.Release|x64.ActiveCfg = Release|x64
		{35D0F686-CE1D-44C5-A379-4CF956AC1384}.Release|x64.Build.0 = Release|x64
		{35D0F686-CE1D-44C5-A379-4CF956AC1384}.Release|x86.ActiveCfg = Release|Win32
		{35D0F686-CE1D-44C5-A379-4CF956AC1384}.Release|x86.Build.0 = Release|Win32
		{F868E5DE-F6F3-4684-90E2-376210A16CC5}.Debug|x64.ActiveCfg = Debug|x64
		{F868E5DE-F6F3-4684-90E2-376210A16CC5}.Debug|x64.Build.0 = Debug|x64
		{F868E5DE-F6F3-4684-90E2-376210A16CC5}.Debug|x86.ActiveCfg = Debug|Win32
		{F868E5DE-F6F3-4684-90E2-376210A16CC5}.Debug|x86.Build.0 = Debug|Win32
		{F868E5DE-F6F3-4684-90E2-376210A16CC5}.Release|x64.ActiveCfg = Release|x64
		{F868E5DE-F6F3-4684-90E2-376210A16CC5}.Release|x64.Build.0 = Release|x64
		{F868E5DE-F6F3-4684-90E2-376210A16CC5}.Release|x86.ActiveCfg = Release|Win32
		{F868E5DE-F6F3-4684-90E2-376210A16CC5}.Release|x86.Build.0 = Release|Win32
		{CB18B200-1756-4B08-958C-846E07BADABC}.Debug|x64.ActiveCfg = Debug|x64
		{CB18B200-1756-4B08-958C-846E07BADABC}.Debug|x64.Build.0 = Debug|x64
		{CB18B200-1756-4B08-958C-846E07BADABC}.Debug|x86.ActiveCfg = Debug|Win32
		{CB18B200-1756-4B08-958C-846E07BADABC}.Debug|x86.Build.0 = Debug|Win32
		{CB18B200-1756-4B08-958C-846E07BADABC}.Release|x64.ActiveCfg = Release|x64
		{CB18B200-1756-4B08-958C-846E07BADABC}.Release|x64.Build.0 = Release|x64
		{CB18B200-1756-4B08-958C-846E07BADABC}.Release|x86.ActiveCfg = Release|Win32
		{CB18B200-1756-4B08-958C-846E07BADABC}.Release|x86.Build.0 = Release|Win32
		{8B0B4881-E611-4EB7-85EC-9C536AB313D9}.Debug|x64.ActiveCfg = Debug|x64
		{8B0B4881-E611-4EB7-85EC-9C536AB313D9}.Debug|x64.Build.0 = Debug|x64
		{8B0B4881-E611-4EB7-85EC-9C536AB313D9}.Debug|x86.ActiveCfg = Debug|Win32
		{8B0B4881-E611-4EB7-85EC-9C536AB313D9}.Debug|x86.Build.0 = Debug|Win32
		{8B0B4881-E611-4EB7-85EC-9C536AB313D9}.Release|x64.ActiveCfg = Release|x64
		{8B0B4881-E611-4EB7-85EC-9C536AB313D9}.Release|x64.Build.0 = Release|x64
		{8B0B4881-E611-4EB7-85EC-9C536AB313D9}.Release|x86.ActiveCfg = Release|Win32
		{8B0B4881-E611-4EB7-85EC-9C536AB313D9}.Release|x86.Build.0 = Release|Win32
		{FD57B32B-DC92-4D37-B381-E9BA25AAD7D3}.Debug|x64.ActiveCfg = Debug|x64
		{FD57B32B-DC92-4D37-B381-E9BA25AAD7D3}.Debug|x64.Build.0 = Debug|x64
		{FD57B32B-DC92-4D37-B381-E9BA25AAD7D3}.Debug|x86.ActiveCfg = Debug|Win32
		{FD57B32B-DC92-4D37-B381-E9BA25AAD7D3}.Debug|x86.Build.0 = Debug|Win32
		{FD57B32B-DC92-4D37-B381-E9BA25AAD7D3}.Release|x64.ActiveCfg = Release|x64
		{FD57B32B-DC92-4D37-B381-E9BA25AAD7D3}.Release|x64.Build.0 = Release|x64
		{FD57B32B-DC92-4D37-B381-E9BA25AAD7D3}.Release|x86.ActiveCfg = Release|Win32
		{FD57B32B-DC92-4D37-B381-E9BA25AAD7D3}.Release|x86.Build.0 = Release|Win32
		{9102456B-1EB5-414D-88B2-9D7124D359C0}.Debug|x64.ActiveCfg = Debug|x64
		{9102456B-1EB5-414D-88B2-9D7124D359C0}.Debug|x64.Build.0 = Debug|x64
		{9102456B-1EB5-414D-88B2-9D7124D359C0}.Debug|x86.ActiveCfg = Debug|Win32
		{9102456B-1EB5-414D-88B2-9D7124D359C0}.Debug|x86.Build.0 = Debug|Win32
		{9102456B-1EB5-414D-88B2-9D7124D359C0}.Release|x64.ActiveCfg = Release|x64
		{9102456B-1EB5-414D-88B2-9D7124D359C0}.Release|x64.Build.0 = Release|x64
		{9102456B-1EB5-414D-88B2-9D7124D359C0}.Release|x86.ActiveCfg = Release|Win32
		{9102456B-1EB5-414D-88B2-9D7124D359C0}.Release|x86.Build.0 = Release|Win32
		{85BE88A8-D974-4627-9E81-2B41A7B47EDD}.Debug|x64.ActiveCfg = Debug|x64
		{85BE88A8-D974-4627-9E81-2B41A7B47EDD}.Debug|x64.Build.0 = Debug|x64
		{85BE88A8-D974-4627-9E81-2B41A7B47EDD}.Debug|x86.ActiveCfg = Debug|Win32
		{85BE88A8-D974-4627-9E81-2B41A7B47EDD}.Debug|x86.Build.0 = Debug|Win32
		{85BE88A8-D974-4627-9E81-2B41A7B47EDD}.Release|x64.ActiveCfg = Release|x64
		{85BE88A8-D974-4627-9E81-2B41A7B47EDD}.Release|x64.Build.0 = Release|x64
		{85BE88A8-D974-4627-9E81-2B41A7B47EDD}.Release|x86.ActiveCfg = Release|Win32
		{85BE88A8-D974-4627-9E81-2B41A7B47EDD}.Release|x86.Build.0 = Release|Win32
		{5ED81534-4E98-4065-94D1-9E4707ABE730}.Debug|x64.ActiveCfg = Debug|x64
		{5ED81534-4E98-4065-94D1-9E4707ABE730}.Debug|x64.Build.0 = Debug|x64
		{5ED81534-4E98-4065-94D1-9E4707ABE730}.Debug|x86.ActiveCfg = Debug|Win32
		{5ED81534-4E98-4065-94D1-9E4707ABE730}.Debug|x86.Build.0 = Debug|Win32
		{5ED81534-4E98-4065-94D1-9E4707ABE730}.Release|x64.ActiveCfg = Release|x64
		{5ED81534-4E98-4065-94D1-9E4707ABE730}.Release|x64.Build.0 = Release|x64
		{5ED81534-4E98-4065-94D1-9E4707ABE730}.Release|x86.ActiveCfg = Release|Win32
		{5ED81534-4E98-4065-94D1-9E4707ABE730}.Release|x86.Build.0 = Release|Win32
		{F3586E43-8BB7-4054-BE66-38B67BB4CF92}.Debug|x64.ActiveCfg = Debug|x64
		{F3586E43-8BB7-4054-BE66-38B67BB4CF92}.Debug|x64.Build.0 = Debug|x64
		{F3586E43-8BB7-4054-BE66-38B67BB4CF92}.Debug|x86.ActiveCfg = Debug|Win32
		{F3586E43-8BB7-4054-BE66-38B67BB4CF92}.Debug|x86.Build.0 = Debug|Win32
		{F3586E43-8BB7-4054-BE66-38B67BB4CF92}.Release|x64.ActiveCfg = Release|x64
		{F3586E43-8BB7-4054-BE66-38B67BB4CF92}.Release|x64.Build.0 = Release|x64
		{F3586E43-8BB7-4054-BE66-38B67BB4CF92}.Release|x86.ActiveCfg = Release|Win32
		{F3586E43-8BB7-4054-BE66-38B67BB4CF92}.Release|x86.Build.0 = Release|Win32
		{24D7B0BF-18DA-496D-9DAA-9A45155C4BF0}.Debug|x64.ActiveCfg = Debug|x64
		{24D7B0BF-18DA-496D-9DAA-9A45155C4BF0}.Debug|x64.Build.0 = Debug|x64
		{24D7B0BF-18DA-496D-9DAA-9A45155C4BF0}.Debug|x86.ActiveCfg = Debug|Win32
		{24D7B0BF-18DA-496D-9DAA-9A45155C4BF0}.Debug|x86.Build.0 = Debug|Win32
		{24D7B0BF-18DA-496D-9DAA-9A45155C4BF0}.Release|x64.ActiveCfg = Release|x64
		{24D7B0BF-18DA-496D-9DAA-9A45155C4BF0}.Release|x64.Build.0 = Release|x64
		{24D7B0BF-18DA-496D-9DAA-9A45155C4BF0}.Release|x86.ActiveCfg = Release|Win32
		{24D7B0BF-18DA-496D-9DAA-9A45155C4BF0}.Release|x86.Build.0 = Release|Win32
		{F23E5F15-F080-46F3-9AD0-3691C64FCF5B}.Debug|x64.ActiveCfg = Debug|x64
		{F23E5F15-F080-46F3-9AD0-3691C64FCF5B}.Debug|x64.Build.0 = Debug|x64
		{F23E5F15-F080-46F3-9AD0-3691C64FCF5B}.Debug|x86.ActiveCfg = Debug|Win32
		{F23E5F15-F080-46F3-9AD0-3691C64FCF5B}.Debug|x86.Build.0 = Debug|Win32
		{F23E5F15-F080-46F3-9AD0-3691C64FCF5B}.Release|x64.ActiveCfg = Release|x64
		{F23E5F15-F080-46F3-9AD0-3691C64FCF5B}.Release|x64.Build.0 = Release|x64
		{F23E5F15-F080-46F3-9AD0-3691C64FCF5B}.Release|x86.ActiveCfg = Release|Win32
		{F23E5F15-F080-46F3-9AD0-3691C64FCF5B}.Release|x86.Build.0 = Release|Win32
		{9DC0412D-36D9-4432-901F-A6D163155C00}.Debug|x64.ActiveCfg = Debug|x64
		{9DC0412D-36D9-4432-901F-A6D163155C00}.Debug|x64.Build.0 = Debug|x64
		{9DC0412D-36D9-4432-901F-A6D163155C00}.Debug|x86.ActiveCfg = Debug|Win32
		{9DC0412D-36D9-4432-901F-A6D163155C00}.Debug|x86.Build.0 = Debug|Win32
		{9DC0412D-36D9-4432-901F-A6D163155C00}.Release|x64.ActiveCfg = Release|x64
		{9DC0412D-36D9-4432-901F-A6D163155C00}.Release|x64.Build.0 = Release|x64
		{9DC0412D-36D9-4432-901F-A6D163155C00}.Release|x86.ActiveCfg = Release|Win32
		{9DC0412D-36D9-4432-901F-A6D163155C00}.Release|x86.Build.0 = Release|Win32
		{8DAC0094-DE10-46E1-A405-1FDED105D89C}.Debug|x64.ActiveCfg = Debug|x64
		{8DAC0094-DE10-46E1-A405-1FDED105D89C}.Debug|x64.Build.0 = Debug|x64
		{8DAC0094-DE10-46E1-A405-1FDED105D89C}.Debug|x86.ActiveCfg = Debug|Win32
		{8DAC0094-DE10-46E1-A405-1FDED105D89C}.Debug|x86.Build.0 = Debug|Win32
		{8DAC0094-DE10-46E1-A405-1FDED105D89C}.Release|x64.ActiveCfg = Release|x64
		{8DAC0094-DE10-46E1-A405-1FDED105D89C}.Release|x64.Build.0 = Release|x64
		{8DAC0094-DE10-46E1-A405-1FDED105D89C}.Release|x86.ActiveCfg = Release|Win32
		{8DAC0094-DE10-46E1-A405-1FDED105D89C}.Release|x86.Build.0 = Release|Win32
		{E131E254-0952-48C9-9B8B-29F9859F9BEC}.Debug|x64.ActiveCfg = Debug|x64
		{E131E254-0952-48C9-9B8B-29F9859F9BEC}.Debug|x64.Build.0 = Debug|x64
		{E131E254-0952-48C9-9B8B-29F9859F9BEC}.Debug|x86.ActiveCfg = Debug|Win32
		{E131E254-0952-48C9-9B8B-29F9859F9BEC}.Debug|x86.Build.0 = Debug|Win32
		{E131E254-0952-48C9-9B8B-29F9859F9BEC}.Release|x64.ActiveCfg = Release|x64
		{E131E254-0952-48C9-9B8B-29F9859F9BEC}.Release|x64.Build.0 = Release|x64
		{E131E254-0952-48C9-9B8B-29F9859F9BEC}.Release|x86.ActiveCfg = Release|Win32
		{E131E254-0952-48C9-9B8B-29F9859F9BEC}.Release|x86.Build.0 = Release|Win32
		{AE935C1E-A93C-4FF1-862D-4D3E64852B0F}.Debug|x64.ActiveCfg = Debug|x64
		{AE935C1E-A93C-4FF1-862D-4D3E64852B0F}.Debug|x64.Build.0 = Debug|x64
		{AE935C1E-A93C-4FF1-862D-4D3E64852B0F}.Debug|x86.ActiveCfg = Debug|Win32
		{AE935C1E-A93C-4FF1-862D-4D3E64852B0F}.Debug|x86.Build.0 = Debug|Win32
		{AE935C1E-A93C-4FF1-862D-4D3E64852B0F}.Release|x64.ActiveCfg = Release|x64
		{AE935C1E-A93C-4FF1-862D-4D3E64852B0F}.Release|x64.Build.0 = Release|x64
		{AE935C1E-A93C-4FF1-862D-4D3E64852B0F}.Release|x86.ActiveCfg = Release|Win32
		{AE935C1E-A93C-4FF1-862D-4D3E64852B0F}.Release|x86.Build.0 = Release|Win32
		{C9098DB3-C19E-432F-81ED-30A31AFF39AA}.Debug|x64.ActiveCfg = Debug|x64
		{C9098DB3-C19E-432F-81ED-30A31AFF39AA}.Debug|x64.Build.0 = Debug|x64
		{C9098DB3-C19E-432F-81ED-30A31AFF39AA}.Debug|x86.ActiveCfg = Debug|Win32
		{C9098DB3-C19E-432F-81ED-30A31AFF39AA}.Debug|x86.Build.0 = Debug|Win32
		{C9098DB3-C19E-432F-81ED-30A31AFF39AA}.Release|x64.ActiveCfg = Release|x64
		{C9098DB3-C19E-432F-81ED-30A31AFF39AA}.Release|x64.Build.0 = Release|x64
		{C9098DB3-C19E-432F-81ED-30A31AFF39AA}.Release|x86.ActiveCfg = Release|Win32
		{C9098DB3-C19E-432F-81ED-30A31AFF39AA}.Release|x86.Build.0 = Release|Win32
		{3FD5C152-A148-43B7-8423-E98AF37B0C8C}.Debug|x64.ActiveCfg = Debug|x64
		{3FD5C152-A148-43B7-8423-E98AF37B0C8C}.Debug|x64.Build.0 = Debug|x64
		{3FD5C152-A148-43B7-8423-E98AF37B0C8C}.Debug|x86.ActiveCfg = Debug|Win32
		{3FD5C152-A148-43B7-8423-E98AF37B0C8C}.Debug|x86.Build.0 = Debug|Win32
		{3FD5C152-A148-43B7-8423-E98AF37B0C8C}.Release|x64.ActiveCfg = Release|x64
		{3FD5C152-A148-43B7-8423-E98AF37B0C8C}.Release|x64.Build.0 = Release|x64
		{3FD5C152-A148-43B7-8423-E98AF37B0C8C}.Release|x86.ActiveCfg = Release|Win32
		{3FD5C152-A148-43B7-8423-E98AF37B0C8C}.Release|x86.Build.0 = Release|Win32
		{EE203C4D-6F0F-44D2-8CBC-B4BFF0CE894D}.Debug|x64.ActiveCfg = Debug|x64
		{EE203C4D-6F0F-44D2-8CBC-B4BFF0CE894D}.Debug|x64.Build.0 = Debug|x64
		{EE203C4D-6F0F-44D2-8CBC-B4BFF0CE894D}.Debug|x86.ActiveCfg = Debug|Win32
		{EE203C4D-6F0F-44D2-8CBC-B4BFF0CE894D}.Debug|x86.Build.0 = Debug|Win32
		{EE203C4D-6F0F-44D2-8CBC-B4BFF0CE894D}.Release|x64.ActiveCfg = Release|x64
		{EE203C4D-6F0F-44D2-8CBC-B4BFF0CE894D}.Release|x64.Build.0 = Release|x64
		{EE203C4D-6F0F-44D2-8CBC-B4BFF0CE894D}.Release|x86.ActiveCfg = Release|Win32
		{EE203C4D-6F0F-44D2-8CBC-B4BFF0CE894D}.Release|x86.Build.0 = Release|Win32
		{6CE7B755-9CFA-4CE2-806C-EBBB3B294C47}.Debug|x64.ActiveCfg = Debug|x64
		{6CE7B755-9CFA-4CE2-806C-EBBB3B294C47}.Debug|x64.Build.0 = Debug|x64
		{6CE7B755-9CFA-4CE2-806C-EBBB3B294C47}.Debug|x86.ActiveCfg = Debug|Win32
		{6CE7B755-9CFA-4CE2-806C-EBBB3B294C47}.Debug|x86.Build.0 = Debug|Win32
		{6CE7B755-9CFA-4CE2-806C-EBBB3B294C47}.Release|x64.ActiveCfg = Release|x64
		{6CE7B755-9CFA-4CE2-806C-EBBB3B294C47}.Release|x64.Build.0 = Release|x64
		{6CE7B755-9CFA-4CE2-806C-EBBB3B294C47}.Release|x86.ActiveCfg = Release|Win32
		{6CE7B755-9CFA-4CE2-806C-EBBB3B294C47}.Release|x86.Build.0 = Release|Win32
		{B9CA1DD1-4C83-4631-9C9F-15180FE12E56}.Debug|x64.ActiveCfg = Debug|x64
		{B9CA1DD1-4C83-4631-9C9F-15180FE12E56}.Debug|x64.Build.0 = Debug|x64
		{B9CA1DD1-4C83-4631-9C9F-15180FE12E56}.Debug|x86.ActiveCfg = Debug|Win32
		{B9CA1DD1-4C83-4631-9C9F-15180FE12E56}.Debug|x86.Build.0 = Debug|Win32
		{B9CA1DD1-4C83-4631-9C9F-15180FE12E56}.Release|x64.ActiveCfg = Release|x64
		{B9CA1DD1-4C83-4631-9C9F-15180FE12E56}.Release|x64.Build.0 = Release|x64
		{B9CA1DD1-4C83-4631-9C9F-15180FE12E56}.Release|x86.ActiveCfg = Release|Win32
		{B9CA1DD1-4C83-4631-9C9F-15180FE12E56}.Release|x86.Build.0 = Release|Win32
		{9320489F-DD3B-4D39-892F-6DA9F140AA32}.Debug|x64.ActiveCfg = Debug|x64
		{9320489F-DD3B-4D39-892F-6DA9F140AA32}.Debug|x64.Build.0 = Debug|x64
		{9320489F-DD3B-4D39-892F-6DA9F140AA32}.Debug|x86.ActiveCfg = Debug|Win32
		{9320489F-DD3B-4D39-892F-6DA9F140AA32}.Debug|x86.Build.0 = Debug|Win32
		{9320489F-DD3B-4D39-892F-6DA9F140AA32}.Release|x64.ActiveCfg = Release|x64
		{9320489F-DD3B-4D39-892F-6DA9F140AA32}.Release|x64.Build.0 = Release|x64
		{9320489F-DD3B-4D39-892F-6DA9F140AA32}.Release|x86.ActiveCfg = Release|Win32
		{9320489F-DD3B-4D39-892F-6DA9F140AA32}.Release|x86.Build.0 = Release|Win32
		{9467405E-0533-4959-9200-E25C74034710}.Debug|x64.ActiveCfg = Debug|x64
		{9467405E-0533-4959-9200-E25C74034710}.Debug|x64.Build.0 = Debug|x64
		{9467405E-0533-4959-9200-E25C74034710}.Debug|x86.ActiveCfg = Debug|Win32
		{9467405E-0533-4959-9200-E25C74034710}.Debug|x86.Build.0 = Debug|Win32
		{9467405E-0533-4959-9200-E25C74034710}.Release|x64.ActiveCfg = Release|x64
		{9467405E-0533-4959-9200-E25C74034710}.Release|x64.Build.0 = Release|x64
		{9467405E-0533-4959-9200-E25C74034710}.Release|x86.ActiveCfg = Release|Win32
		{9467405E-0533-4959-9200-E25C74034710}.Release|x86.Build.0 = Release|Win32
		{87247413-E5E5-4AF6-A088-65EF78B59B85}.Debug|x64.ActiveCfg = Debug|x64
		{87247413-E5E5-4AF6-A088-65EF78B59B85}.Debug|x64.Build.0 = Debug|x64
		{87247413-E5E5-4AF6-A088-65EF78B59B85}.Debug|x86.ActiveCfg = Debug|Win32
		{87247413-E5E5-4AF6-A088-65EF78B59B85}.Debug|x86.Build.0 = Debug|Win32
		{87247413-E5E5-4AF6-A088-65EF78B59B85}.Release|x64.ActiveCfg = Release|x64
		{87247413-E5E5-4AF6-A088-65EF78B59B85}.Release|x64.Build.0 = Release|x64
		{87247413-E5E5-4AF6-A088-65EF78B59B85}.Release|x86.ActiveCfg = Release|Win32
		{87247413-E5E5-4AF6-A088-65EF78B59B85}.Release|x86.Build.0 = Release|Win32
		{8EE7FDA1-1744-48DA-953E-135EA441D316}.Debug|x64.ActiveCfg = Debug|x64
		{8EE7FDA1-1744-48DA-953E-135EA441D316}.Debug|x64.Build.0 = Debug|x64
		{8EE7FDA1-1744-48DA-953E-135EA441D316}.Debug|x86.ActiveCfg = Debug|Win32
		{8EE7FDA1-1744-48DA-953E-135EA441D316}.Debug|x86.Build.0 = Debug|Win32
		{8EE7FDA1-1744-48DA-953E-135EA441D316}.Release|x64.ActiveCfg = Release|x64
		{8EE7FDA1-1744-48DA-953E-135EA441D316}.Release|x64.Build.0 = Release|x64
		{8EE7FDA1-1744-48DA-953E-135EA441D316}.Release|x86.ActiveCfg = Release|Win32
		{8EE7FDA1-1744-48DA-953E-135EA441D316}.Release|x86.Build.0 = Release|Win32
		{C7B68071-BB38-499B-9E56-A5B2A803620E}.Debug|x64.ActiveCfg = Debug|x64
		{C7B68071-BB38-499B-9E56-A5B2A803620E}.Debug|x64.Build.0 = Debug|x64
		{C7B68071-BB38-499B-9E56-A5B2A803620E}.Debug|x86.ActiveCfg = Debug|Win32
		{C7B68071-BB38-499B-9E56-A5B2A803620E}.Debug|x86.Build.0 = Debug|Win32
		{C7B68071-BB38-499B-9E56-A5B2A803620E}.Release|x64.ActiveCfg = Release|x64
		{C7B68071-BB38-499B-9E56-A5B2A803620E}.Release|x64.Build.0 = Release|x64
		{C7B68071-BB38-499B-9E56-A5B2A803620E}.Release|x86.ActiveCfg = Release|Win32
		{C7B68071-BB38-499B-9E56-A5B2A803620E}.Release|x86.Build.0 = Release|Win32
		{367C97FC-2E7F-4DBB-B8C6-F6D843E8A723}.Debug|x64.ActiveCfg = Debug|x64
		{367C97FC-2E7F-4DBB-B8C6-F6D843E8A723}.Debug|x64.Build.0 = Debug|x64
		{367C97FC-2E7F-4DBB-B8C6-F6D843E8A723}.Debug|x86.ActiveCfg = Debug|Win32
		{367C97FC-2E7F-4DBB-B8C6-F6D843E8A723}.Debug|x86.Build.0 = Debug|Win32
		{367C97FC-2E7F-4DBB-B8C6-F6D843E8A723}.Release|x64.ActiveCfg = Release|x64
		{367C97FC-2E7F-4DBB-B8C6-F6D843E8A723}.Release|x64.Build.0 = Release|x64
		{367C97FC-2E7F-4DBB-B8C6-F6D843E8A723}.Release|x86.ActiveCfg = Release|Win32
		{367C97FC-2E7F-4DBB-B8C6-F6D843E8A723}.Release|x86.Build.0 = Release|Win32
		{65E47473-4BB5-4967-9A2F-0F5615E58CAB}.Debug|x64.ActiveCfg = Debug|x64
		{65E47473-4BB5-4967-9A2F-0F5615E58CAB}.Debug|x64.Build.0 = Debug|x64
		{65E47473-4BB5-4967-9A2F-0F5615E58CAB}.Debug|x86.ActiveCfg = Debug|Win32
		{65E47473-4BB5-4967-9A2F-0F5615E58CAB}.Debug|x86.Build.0 = Debug|Win32
		{65E47473-4BB5-4967-9A2F-0F5615E58CAB}.Release|x64.ActiveCfg = Release|x64
		{65E47473-4BB5-4967-9A2F-0F5615E58CAB}.Release|x64.Build.0 = Release|x64
		{65E47473-4BB5-4967-9A2F-0F5615E58CAB}.Release|x86.ActiveCfg = Release|Win32
		{65E47473-4BB5-4967-9A2F-0F5615E58CAB}.Release|x86.Build.0 = Release|Win32
		{2553C0A1-CA2C-482D-9577-357434A6FAF4}.Debug|x64.ActiveCfg = Debug|x64
		{2553C0A1-CA2C-482D-9577-357434A6FAF4}.Debug|x64.Build.0 = Debug|x64
		{2553C0A1-CA2C-482D-9577-357434A6FAF4}.Debug|x86.ActiveCfg = Debug|Win32
		{2553C0A1-CA2C-482D-9577-357434A6FAF4}.Debug|x86.Build.0 = Debug|Win32
		{2553C0A1-CA2C-482D-9577-357434A6FAF4}.Release|x64.ActiveCfg = Release|x64
		{2553C0A1-CA2C-482D-9577-357434A6FAF4}.Release|x64.Build.0 = Release|x64
		{2553C0A1-CA2C-482D-9577-357434A6FAF4}.Release|x86.ActiveCfg = Release|Win32
		{2553C0A1-CA2C-482D-9577-357434A6FAF4}.Release|x86.Build.0 = Release|Win32
		{FA3A0B99-130B-43BE-BBDF-A8D59CE974C4}.Debug|x64.ActiveCfg = Debug|x64
		{FA3A0B99-130B-43BE-BBDF-A8D59CE974C4}.Debug|x64.Build.0 = Debug|x64
		{FA3A0B99-130B-43BE-BBDF-A8D59CE974C4}.Debug|x86.ActiveCfg = Debug|Win32
		{FA3A0B99-130B-43BE-BBDF-A8D59CE974C4}.Debug|x86.Build.0 = Debug|Win32
		{FA3A0B99-130B-43BE-BBDF-A8D59CE974C4}.Release|x64.ActiveCfg = Release|x64
		{FA3A0B99-130B-43BE-BBDF-A8D59CE974C4}.Release|x64.Build.0 = Release|x64
		{FA3A0B99-130B-43BE-BBDF-A8D59CE974C4}.Release|x86.ActiveCfg = Release|Win32
		{FA3A0B99-130B-43BE-BBDF-A8D59CE974C4}.Release|x86.Build.0 = Release|Win32
		{39806D8D-A036-4987-B287-983CC7187E1E}.Debug|x64.ActiveCfg = Debug|x64
		{39806D8D-A036-4987-B287-983CC7187E1E}.Debug|x64.Build.0 = Debug|x64
		{39806D8D-A036-4987-B287-983CC7187E1E}.Debug|x86.ActiveCfg = Debug|Win32
		{39806D8D-A036-4987-B287-983CC7187E1E}.Debug|x86.Build.0 = Debug|Win32
		{39806D8D-A036-4987-B287-983CC7187E1E}.Release|x64.ActiveCfg = Release|x64
		{39806D8D-A036-4987-B287-983CC7187E1E}.Release|x64.Build.0 = Release|x64
		{39806D8D-A036-4987-B287-983CC7187E1E}.Release|x86.ActiveCfg = Release|Win32
		{39806D8D-A036-4987-B287-983CC7187E1E}.Release|x86.Build.0 = Release|Win32
		{A58CAECB-6715-4343-AB96-24E12DE0165D}.Debug|x64.ActiveCfg = Debug|x64
		{A58CAECB-6715-4343-AB96-24E12DE0165D}.Debug|x64.Build.0 = Debug|x64
		{A58CAECB-6715-4343-AB96-24E12DE0165D}.Debug|x86.ActiveCfg = Debug|Win32
		{A58CAECB-6715-4343-AB96-24E12DE0165D}.Debug|x86.Build.0 = Debug|Win32
		{A58CAECB-6715-4343-AB96-24E12DE0165D}.Release|x64.ActiveCfg = Release|x64
		{A58CAECB-6715-4343-AB96-24E12DE0165D}.Release|x64.Build.0 = Release|x64
		{A58CAECB-6715-4343-AB96-24E12DE0165D}.Release|x86.ActiveCfg = Release|Win32
		{A58CAECB-6715-4343-AB96-24E12DE0165D}.Release|x86.Build.0 = Release|Win32
		{36D678E1-4D2F-4E16-B047-84B735177695}.Debug|x64.ActiveCfg = Debug|x64
		{36D678E1-4D2F-4E16-B047-84B735177695}.Debug|x64.Build.0 = Debug|x64
		{36D678E1-4D2F-4E16-B047-84B735177695}.Debug|x86.ActiveCfg = Debug|Win32
		{36D678E1-4D2F-4E16-B047-84B735177695}.Debug|x86.Build.0 = Debug|Win32
		{36D678E1-4D2F-4E16-B047-84B735177695}.Release|x64.ActiveCfg = Release|x64
		{36D678E1-4D2F-4E16-B047-84B735177695}.Release|x64.Build.0 = Release|x64
		{36D678E1-4D2F-4E16-B047-84B735177695}.Release|x86.ActiveCfg = Release|Win32
		{36D678E1-4D2F-4E16-B047-84B735177695}.Release|x86.Build.0 = Release|Win32
		{088B6E2E-5B2A-45CA-A4B0-E9B031531D0C}.Debug|x64.ActiveCfg = Debug|x64
		{088B6E2E-5B2A-45CA-A4B0-E9B031531D0C}.Debug|x64.Build.0 = Debug|x64
		{088B6E2E-5B2A-45CA-A4B0-E9B031531D0C}.Debug|x86.ActiveCfg = Debug|Win32
		{088B6E2E-5B2A-45CA-A4B0-E9B031531D0C}.Debug|x86.Build.0 = Debug|Win32
		{088B6E2E-5B2A-45CA-A4B0-E9B031531D0C}.Release|x64.ActiveCfg = Release|x64
		{088B6E2E-5B2A-45CA-A4B0-E9B031531D0C}.Release|x64.Build.0 = Release|x64
		{088B6E2E-5B2A-45CA-A4B0-E9B031531D0C}.Release|x86.ActiveCfg = Release|Win32
		{088B6E2E-5B2A-45CA-A4B0-E9B031531D0C}.Release|x86.Build.0 = Release|Win32
		{C1600210-6BBD-40E1-ACD6-F1CB3A4C6946}.Debug|x64.ActiveCfg = Debug|x64
		{C1600210-6BBD-40E1-ACD6-F1CB3A4C6946}.Debug|x64.Build.0 = Debug|x64
		{C1600210-6BBD-40E1-ACD6-F1CB3A4C6946}.Debug|x86.ActiveCfg = Debug|Win32
		{C1600210-6BBD-40E1-ACD6-F1CB3A4C6946}.Debug|x86.Build.0 = Debug|Win32
		{C1600210-6BBD-40E1-ACD6-F1CB3A4C6946}.Release|x64.ActiveCfg = Release|x64
		{C1600210-6BBD-40E1-ACD6-F1CB3A4C6946}.Release|x64.Build.0 = Release|x64
		{C1600210-6BBD-40E1-ACD6-F1CB3A4C6946}.Release|x86.ActiveCfg = Release|Win32
		{C1600210-6BBD-40E1-ACD6-F1CB3A4C6946}.Release|x86.Build.0 = Release|Win32
		{9E44F0AB-E5C0-4939-981C-826296CA1532}.Debug|x64.ActiveCfg = Debug|x64
		{9E44F0AB-E5C0-4939-981C-826296CA1532}.Debug|x64.Build.0 = Debug|x64
		{9E44F0AB-E5C0-4939-981C-826296CA1532}.Debug|x86.ActiveCfg = Debug|Win32
		{9E44F0AB-E5C0-4939-981C-826296CA1532}.Debug|x86.Build.0 = Debug|Win32
		{9E44F0AB-E5C0-4939-981C-826296CA1532}.Release|x64.ActiveCfg = Release|x64
		{9E44F0AB-E5C0-4939-981C-826296CA1532}.Release|x64.Build.0 = Release|x64
		{9E44F0AB-E5C0-4939-981C-826296CA1532}.Release|x86.ActiveCfg = Release|Win32
		{9E44F0AB-E5C0-4939-981C-826296CA1532}.Release|x86.Build.0 = Release|Win32
		{8B9CE358-8CD5-473F-BFAA-A30D4675E73D}.Debug|x64.ActiveCfg = Debug|x64
		{8B9CE358-8CD5-473F-BFAA-A30D4675E73D}.Debug|x64.Build.0 = Debug|x64
		{8B9CE358-8CD5-473F-BFAA-A30D4675E73D}.Debug|x86.ActiveCfg = Debug|Win32
		{8B9CE358-8CD5-473F-BFAA-A30D4675E73D}.Debug|x86.Build.0 = Debug|Win32
		{8B9CE358-8CD5-473F-BFAA-A30D4675E73D}.Release|x64.ActiveCfg = Release|x64
		{8B9CE358-8CD5-473F-BFAA-A30D4675E73D}.Release|x64.Build.0 = Release|x64
		{8B9CE358-8CD5-473F-BFAA-A30D4675E73D}.Release|x86.ActiveCfg = Release|Win32
		{8B9CE358-8CD5-473F-BFAA-A30D4675E73D}.Release|x86.Build.0 = Release|Win32
		{C78AB075-3F85-4FBC-9C8F-66EDAD32FC5D}.Debug|x64.ActiveCfg = Debug|x64
		{C78AB075-3F85-4FBC-9C8F-66EDAD32FC5D}.Debug|x64.Build.0 = Debug|x64
		{C78AB075-3F85-4FBC-9C8F-66EDAD32FC5D}.Debug|x86.ActiveCfg = Debug|Win32
		{C78AB075-3F85-4FBC-9C8F-66EDAD32FC5D}.Debug|x86.Build.0 = Debug|Win32
		{C78AB075-3F85-4FBC-9C8F-66EDAD32FC5D}.Release|x64.ActiveCfg = Release|x64
		{C78AB075-3F85-4FBC-9C8F-66EDAD32FC5D}.Release|x64.Build.0 = Release|x64
		{C78AB075-3F85-4FBC-9C8F-66EDAD32FC5D}.Release|x86.ActiveCfg = Release|Win32
		{C78AB075-3F85-4FBC-9C8F-66EDAD32FC5D}.Release|x86.Build.0 = Release|Win32
		{8158834A-69EA-4174-B371-CBBAFA5FFF0E}.Debug|x64.ActiveCfg = Debug|x64
		{8158834A-69EA-4174-B371-CBBAFA5FFF0E}.Debug|x64.Build.0 = Debug|x64
		{8158834A-69EA-4174-B371-CBBAFA5FFF0E}.Debug|x86.ActiveCfg = Debug|Win32
		{8158834A-69EA-4174-B371-CBBAFA5FFF0E}.Debug|x86.Build.0 = Debug|Win32
		{8158834A-69EA-4174-B371-CBBAFA5FFF0E}.Release|x64.ActiveCfg = Release|x64
		{8158834A-69EA-4174-B371-CBBAFA5FFF0E}.Release|x64.Build.0 = Release|x64
		{8158834A-69EA-4174-B371-CBBAFA5FFF0E}.Release|x86.ActiveCfg = Release|Win32
		{8158834A-69EA-4174-B371-CBBAFA5FFF0E}.Release|x86.Build.0 = Release|Win32
		{CF18DBB9-BAAF-480D-919D-2DF6D76975C8}.Debug|x64.ActiveCfg = Debug|x64
		{CF18DBB9-BAAF-480D-919D-2DF6D76975C8}.Debug|x64.Build.0 = Debug|x64
		{CF18DBB9-BAAF-480D-919D-2DF6D76975C8}.Debug|x86.ActiveCfg = Debug|Win32
		{CF18DBB9-BAAF-480D-919D-2DF6D76975C8}.Debug|x86.Build.0 = Debug|Win32
		{CF18DBB9-BAAF-480D-919D-2DF6D76975C8}.Release|x64.ActiveCfg = Release|x64
		{CF18DBB9-BAAF-480D-919D-2DF6D76975C8}.Release|x64.Build.0 = Release|x64
		{CF18DBB9-BAAF-480D-919D-2DF6D76975C8}.Release|x86.ActiveCfg = Release|Win32
		{CF18DBB9-BAAF-480D-919D-2DF6D76975C8}.Release|x86.Build.0 = Release|Win32
		{D279F2AD-031F-42D8-A246-9B037F2BF138}.Debug|x64.ActiveCfg = Debug|x64
		{D279F2AD-031F-42D8-A246-9B037F2BF138}.Debug|x64.Build.0 = Debug|x64
		{D279F2AD-031F-42D8-A246-9B037F2BF138}.Debug|x86.ActiveCfg = Debug|Win32
		{D279F2AD-031F-42D8-A246-9B037F2BF138}.Debug|x86.Build.0 = Debug|Win32
		{D279F2AD-031F-42D8-A246-9B037F2BF138}.Release|x64.ActiveCfg = Release|x64
		{D279F2AD-031F-42D8-A246-9B037F2BF138}.Release|x64.Build.0 = Release|x64
		{D279F2AD-031F-42D8-A246-9B037F2BF138}.Release|x86.ActiveCfg = Release|Win32
		{D279F2AD-031F-42D8-A246-9B037F2BF138}.Release|x86.Build.0 = Release|Win32
		{EBF392C4-D076-453D-A541-E714CF1C3078}.Debug|x64.ActiveCfg = Debug|x64
		{EBF392C4-D076-453D-A541-E714CF1C3078}.Debug|x64.Build.0 = Debug|x64
		{EBF392C4-D076-453D-A541-E714CF1C3078}.Debug|x86.ActiveCfg = Debug|Win32
		{EBF392C4-D076-453D-A541-E714CF1C3078}.Debug|x86.Build.0 = Debug|Win32
		{EBF392C4-D076-453D-A541-E714CF1C3078}.Release|x64.ActiveCfg = Release|x64
		{EBF392C4-D076-453D-A541-E714CF1C3078}.Release|x64.Build.0 = Release|x64
		{EBF392C4-D076-453D-A541-E714CF1C3078}.Release|x86.ActiveCfg = Release|Win32
		{EBF392C4-D076-453D-A541-E714CF1C3078}.Release|x86.Build.0 = Release|Win32
		{D2B124AB-7CC9-4127-BFD9-DE87A365FA3B}.Debug|x64.ActiveCfg = Debug|x64
		{D2B124AB-7CC9-4127-BFD9-DE87A365FA3B}.Debug|x64.Build.0 = Debug|x64
		{D2B124AB-7CC9-4127-BFD9-DE87A365FA3B}.Debug|x86.ActiveCfg = Debug|Win32
		{D2B124AB-7CC9-4127-BFD9-DE87A365FA3B}.Debug|x86.Build.0 = Debug|Win32
		{D2B124AB-7CC9-4127-BFD9-DE87A365FA3B}.Release|x64.ActiveCfg = Release|x64
		{D2B124AB-7CC9-4127-BFD9-DE87A365FA3B}.Release|x64.Build.0 = Release|x64
		{D2B124AB-7CC9-4127-BFD9-DE87A365FA3B}.Release|x86.ActiveCfg = Release|Win32
		{D2B124AB-7CC9-4127-BFD9-DE87A365FA3B}.Release|x86.Build.0 = Release|Win32
		{B01A0BFD-9360-431C-AC92-85805E072611}.Debug|x64.ActiveCfg = Debug|x64
		{B01A0BFD-9360-431C-AC92-85805E072611}.Debug|x64.Build.0 = Debug|x64
		{B01A0BFD-9360-431C-AC92-85805E072611}.Debug|x86.ActiveCfg = Debug|Win32
		{B01A0BFD-9360-431C-AC92-85805E072611}.Debug|x86.Build.0 = Debug|Win32
		{B01A0BFD-9360-431C-AC92-85805E072611}.Release|x64.ActiveCfg = Release|x64
		{B01A0BFD-9360-431C-AC92-85805E072611}.Release|x64.Build.0 = Release|x64
		{B01A0BFD-9360-431C-AC92-85805E072611}.Release|x86.ActiveCfg = Release|Win32
		{B01A0BFD-9360-431C-AC92-85805E072611}.Release|x86.Build.0 = Release|Win32
		{1F1DBED0-8EF1-4830-88C3-9A45D1FDCCF6}.Debug|x64.ActiveCfg = Debug|x64
		{1F1DBED0-8EF1-4830-88C3-9A45D1FDCCF6}.Debug|x64.Build.0 = Debug|x64
		{1F1DBED0-8EF1-4830-88C3-9A45D1FDCCF6}.Debug|x86.ActiveCfg = Debug|Win32
		{1F1DBED0-8EF1-4830-88C3-9A45D1FDCCF6}.Debug|x86.Build.0 = Debug|Win32
		{1F1DBED0-8EF1-4830-88C3-9A45D1FDCCF6}.Release|x64.ActiveCfg = Release|x64
		{1F1DBED0-8EF1-4830-88C3-9A45D1FDCCF6}.Release|x64.Build.0 = Release|x64
		{1F1DBED0-8EF1-4830-88C3-9A45D1FDCCF6}.Release|x86.ActiveCfg = Release|Win32
		{1F1DBED0-8EF1-4830-88C3-9A45D1FDCCF6}.Release|x86.Build.0 = Release|Win32
		{B6414AAD-16D0-4091-B5B4-791242E77C34}.Debug|x64.ActiveCfg = Debug|x64
		{B6414AAD-16D0-4091-B5B4-791242E77C34}.Debug|x64.Build.0 = Debug|x64
		{B6414AAD-16D0-4091-B5B4-791242E77C34}.Debug|x86.ActiveCfg = Debug|Win32
		{B6414AAD-16D0-4091-B5B4-791242E77C34}.Debug|x86.Build.0 = Debug|Win32
		{B6414AAD-16D0-4091-B5B4-791242E77C34}.Release|x64.ActiveCfg = Release|x64
		{B6414AAD-16D0-4091-B5B4-791242E77C34}.Release|x64.Build.0 = Release|x64
		{B6414AAD-16D0-4091-B5B4-791242E77C34}.Release|x86.ActiveCfg = Release|Win32
		{B6414AAD-16D0-4091-B5B4-791242E77C34}.Release|x86.Build.0 = Release|Win32
		{713D267E-78FA-43C4-8FF2-6BB7FFA68B43}.Debug|x64.ActiveCfg = Debug|x64
		{713D267E-78FA-43C4-8FF2-6BB7FFA68B43}.Debug|x64.Build.0 = Debug|x64
		{713D267E-78FA-43C4-8FF2-6BB7FFA68B43}.Debug|x86.ActiveCfg = Debug|Win32
		{713D267E-78FA-43C4-8FF2-6BB7FFA68B43}.Debug|x86.Build.0 = Debug|Win32
		{713D267E-78FA-43C4-8FF2-6BB7FFA68B43}.Release|x64.ActiveCfg = Release|x64
		{713D267E-78FA-43C4-8FF2-6BB7FFA68B43}.Release|x64.Build.0 = Release|x64
		{713D267E-78FA-43C4-8FF2-6BB7FFA68B43}.Release|x86.ActiveCfg = Release|Win32
		{713D267E-78FA-43C4-8FF2-6BB7FFA68B43}.Release|x86.Build.0 = Release|Win32
		{3B26EB8C-1343-413B-8AB7-4304ED7ECC47}.Debug|x64.ActiveCfg = Debug|x64
		{3B26EB8C-1343-413B-8AB7-4304ED7ECC47}.Debug|x64.Build.0 = Debug|x64
		{3B26EB8C-1343-413B-8AB7-4304ED7ECC47}.Debug|x86.ActiveCfg = Debug|Win32
		{3B26EB8C-1343-413B-8AB7-4304ED7ECC47}.Debug|x86.Build.0 = Debug|Win32
		{3B26EB8C-1343-413B-8AB7-4304ED7ECC47}.Release|x64.ActiveCfg = Release|x64
		{3B26EB8C-1343-413B-8AB7-4304ED7ECC47}.Release|x64.Build.0 = Release|x64
		{3B26EB8C-1343-413B-8AB7-4304ED7ECC47}.Release|x86.ActiveCfg = Release|Win32
		{3B26EB8C-1343-413B-8AB7-4304ED7ECC47}.Release|x86.Build.0 = Release|Win32
		{C1AD4499-B35F-442D-BFF2-3E20BF3BFF0D}.Debug|x64.ActiveCfg = Debug|x64
		{C1AD4499-B35F-442D-BFF2-3E20BF3BFF0D}.Debug|x64.Build.0 = Debug|x64
		{C1AD4499-B35F-442D-BFF2-3E20BF3BFF0D}.Debug|x86.ActiveCfg = Debug|Win32
		{C1AD4499-B35F-442D-BFF2-3E20BF3BFF0D}.Debug|x86.Build.0 = Debug|Win32
		{C1AD4499-B35F-442D-BFF2-3E20BF3BFF0D}.Release|x64.ActiveCfg = Release|x64
		{C1AD4499-B35F-442D-BFF2-3E20BF3BFF0D}.Release|x64.Build.0 = Release|x64
		{C1AD4499-B35F-442D-BFF2-3E20BF3BFF0D}.Release|x86.ActiveCfg = Release|Win32
		{C1AD4499-B35F-442D-BFF2-3E20BF3BFF0D}.Release|x86.Build.0 = Release|Win32
		{3FA3617D-C2FB-4E1B-87A6-526B8A8F131C}.Debug|x64.ActiveCfg = Debug|x64
		{3FA3617D-C2FB-4E1B-87A6-526B8A8F131C}.Debug|x64.Build.0 = Debug|x64
		{3FA3617D-C2FB-4E1B-87A6-526B8A8F131C}.Debug|x86.ActiveCfg = Debug|Win32
		{3FA3617D-C2FB-4E1B-87A6-526B8A8F131C}.Debug|x86.Build.0 = Debug|Win32
		{3FA3617D-C2FB-4E1B-87A6-526B8A8F131C}.Release|x64.ActiveCfg = Release|x64
		{3FA3617D-C2FB-4E1B-87A6-526B8A8F131C}.Release|x64.Build.0 = Release|x64
		{3FA3617D-C2FB-4E1B-87A6-526B8A8F131C}.Release|x86.ActiveCfg = Release|Win32
		{3FA3617D-C2FB-4E1B-87A6-526B8A8F131C}.Release|x86.Build.0 = Release|Win32
		{6F40FA7E-2CB7-40A1-A82E-BDBB23E762F8}.Debug|x64.ActiveCfg = Debug|x64
		{6F40FA7E-2CB7-40A1-A82E-BDBB23E762F8}.Debug|x64.Build.0 = Debug|x64
		{6F40FA7E-2CB7-40A1-A82E-BDBB23E762F8}.Debug|x86.ActiveCfg = Debug|Win32
		{6F40FA7E-2CB7-40A1-A82E-BDBB23E762F8}.Debug|x86.Build.0 = Debug|Win32
		{6F40FA7E-2CB7-40A1-A82E-BDBB23E762F8}.Release|x64.ActiveCfg = Release|x64
		{6F40FA7E-2CB7-40A1-A82E-BDBB23E762F8}.Release|x64.Build.0 = Release|x64
		{6F40FA7E-2CB7-40A1-A82E-BDBB23E762F8}.Release|x86.ActiveCfg = Release|Win32
		{6F40FA7E-2CB7-40A1-A82E-BDBB23E762F8}.Release|x86.Build.0 = Release|Win32
		{6F288E70-048D-4442-9740-2D46025A5BE1}.Debug|x64.ActiveCfg = Debug|x64
		{6F288E70-048D-4442-9740-2D46025A5BE1}.Debug|x64.Build.0 = Debug|x64
		{6F288E70-048D-4442-9740-2D46025A5BE1}.Debug|x86.ActiveCfg = Debug|Win32
		{6F288E70-048D-4442-9740-2D46025A5BE1}.Debug|x86.Build.0 = Debug|Win32
		{6F288E70-048D-4442-9740-2D46025A5BE1}.Release|x64.ActiveCfg = Release|x64
		{6F288E70-048D-4442-9740-2D46025A5BE1}.Release|x64.Build.0 = Release|x64
		{6F288E70-048D-4442-9740-2D46025A5BE1}.Release|x86.ActiveCfg = Release|Win32
		{6F288E70-048D-4442-9740-2D46025A5BE1}.Release|x86.Build.0 = Release|Win32
		{36340251-CF48-4774-BA31-F186CF50FB05}.Debug|x64.ActiveCfg = Debug|x64
		{36340251-CF48-4774-BA31-F186CF50FB05}.Debug|x64.Build.0 = Debug|x64
		{36340251-CF48-4774-BA31-F186CF50FB05}.Debug|x86.ActiveCfg = Debug|Win32
		{36340251-CF48-4774-BA31-F186CF50FB05}.Debug|x86.Build.0 = Debug|Win32
		{36340251-CF48-4774-BA31-F186CF50FB05}.Release|x64.ActiveCfg = Release|x64
		{36340251-CF48-4774-BA31-F186CF50FB05}.Release|x64.Build.0 = Release|x64
		{36340251-CF48-4774-BA31-F186CF50FB05}.Release|x86.ActiveCfg = Release|Win32
		{36340251-CF48-4774-BA31-F186CF50FB05}.Release|x86.Build.0 = Release|Win32
		{5555DD1C-247C-4E7A-93A0-5EADE7965E61}.Debug|x64.ActiveCfg = Debug|x64
		{5555DD1C-247C-4E7A-93A0-5EADE7965E61}.Debug|x64.Build.0 = Debug|x64
		{5555DD1C-247C-4E7A-93A0-5EADE7965E61}.Debug|x86.ActiveCfg = Debug|Win32
		{5555DD1C-247C-4E7A-93A0-5EADE7965E61}.Debug|x86.Build.0 = Debug|Win32
		{5555DD1C-247C-4E7A-93A0-5EADE7965E61}.Release|x64.ActiveCfg = Release|x64
		{5555DD1C-247C-4E7A-93A0-5EADE7965E61}.Release|x64.Build.0 = Release|x64
		{5555DD1C-247C-4E7A-93A0-5EADE7965E61}.Release|x86.ActiveCfg = Release|Win32
		{5555DD1C-247C-4E7A-93A0-5EADE7965E61}.Release|x86.Build.0 = Release|Win32
		{CED70CDA-B833-4476-8310-5C063A65A1AA}.Debug|x64.ActiveCfg = Debug|x64
		{CED70CDA-B833-4476-8310-5C063A65A1AA}.Debug|x64.Build.0 = Debug|x64
		{CED70CDA-B833-4476-8310-5C063A65A1AA}.Debug|x86.ActiveCfg = Debug|Win32
		{CED70CDA-B833-4476-8310-5C063A65A1AA}.Debug|x86.Build.0 = Debug|Win32
		{CED70CDA-B833-4476-8310-5C063A65A1AA}.Release|x64.ActiveCfg = Release|x64
		{CED70CDA-B833-4476-8310-5C063A65A1AA}.Release|x64.Build.0 = Release|x64
		{CED70CDA-B833-4476-8310-5C063A65A1AA}.Release|x86.ActiveCfg = Release|Win32
		{CED70CDA-B833-4476-8310-5C063A65A1AA}.Release|x86.Build.0 = Release|Win32
		{8DEE2CE0-8D12-47D3-BD5B-EE1E80F81D2F}.Debug|x64.ActiveCfg = Debug|x64
		{8DEE2CE0-8D12-47D3-BD5B-EE1E80F81D2F}.Debug|x64.Build.0 = Debug|x64
		{8DEE2CE0-8D12-47D3-BD5B-EE1E80F81D2F}.Debug|x86.ActiveCfg = Debug|Win32
		{8DEE2CE0-8D12-47D3-BD5B-EE1E80F81D2F}.Debug|x86.Build.0 = Debug|Win32
		{8DEE2CE0-8D12-47D3-BD5B-EE1E80F81D2F}.Release|x64.ActiveCfg = Release|x64
		{8DEE2CE0-8D12-47D3-BD5B-EE1E80F81D2F}.Release|x64.Build.0 = Release|x64
		{8DEE2CE0-8D12-47D3-BD5B-EE1E80F81D2F}.Release|x86.ActiveCfg = Release|Win32
		{8DEE2CE0-8D12-47D3-BD5B-EE1E80F81D2F}.Release|x86.Build.0 = Release|Win32
		{2846C2DE-1F6C-4B33-B7F0-3E4F50EEA6A9}.Debug|x64.ActiveCfg = Debug|x64
		{2846C2DE-1F6C-4B33-B7F0-3E4F50EEA6A9}.Debug|x64.Build.0 = Debug|x64
		{2846C2DE-1F6C-4B33-B7F0-3E4F50EEA6A9}.Debug|x86.ActiveCfg = Debug|Win32
		{2846C2DE-1F6C-4B33-B7F0-3E4F50EEA6A9}.Debug|x86.Build.0 = Debug|Win32
		{2846C2DE-1F6C-4B33-B7F0-3E4F50EEA6A9}.Release|x64.ActiveCfg = Release|x64
		{2846C2DE-1F6C-4B33-B7F0-3E4F50EEA6A9}.Release|x64.Build.0 = Release|x64
		{2846C2DE-1F6C-4B33-B7F0-3E4F50EEA6A9}.Release|x86.ActiveCfg = Release|Win32
		{2846C2DE-1F6C-4B33-B7F0-3E4F50EEA6A9}.Release|x86.Build.0 = Release|Win32
		{9BC624A6-7817-47E6-B89D-EAAA32039161}.Debug|x64.ActiveCfg = Debug|x64
		{9BC624A6-7817-47E6-B89D-EAAA32039161}.Debug|x64.Build.0 = Debug|x64
		{9BC624A6-7817-47E6-B89D-EAAA32039161}.Debug|x86.ActiveCfg = Debug|Win32
		{9BC624A6-7817-47E6-B89D-EAAA32039161}.Debug|x86.Build.0 = Debug|Win32
		{9BC624A6-7817-47E6-B89D-EAAA32039161}.Release|x64.ActiveCfg = Release|x64
		{9BC624A6-7817-47E6-B89D-EAAA32039161}.Release|x64.Build.0 = Release|x64
		{9BC624A6-7817-47E6-B89D-EAAA32039161}.Release|x86.ActiveCfg = Release|Win32
		{9BC624A6-7817-47E6-B89D-EAAA32039161}.Release|x86.Build.0 = Release|Win32
		{138A12EA-3AB2-45B7-8156-98A62BB3D6DF}.Debug|x64.ActiveCfg = Debug|x64
		{138A12EA-3AB2-45B7-8156-98A62BB3D6DF}.Debug|x64.Build.0 = Debug|x64
		{138A12EA-3AB2-45B7-8156-98A62BB3D6DF}.Debug|x86.ActiveCfg = Debug|Win32
		{138A12EA-3AB2-45B7-8156-98A62BB3D6DF}.Debug|x86.Build.0 = Debug|Win32
		{138A12EA-3AB2-45B7-8156-98A62BB3D6DF}.Release|x64.ActiveCfg = Release|x64
		{138A12EA-3AB2-45B7-8156-98A62BB3D6DF}.Release|x64.Build.0 = Release|x64
		{138A12EA-3AB2-45B7-8156-98A62BB3D6DF}.Release|x86.ActiveCfg = Release|Win32
		{138A12EA-3AB2-45B7-8156-98A62BB3D6DF}.Release|x86.Build.0 = Release|Win32
		{9595745E-42FA-492F-84A3-BDBFD222795D}.Debug|x64.ActiveCfg = Debug|x64
		{9595745E-42FA-492F-84A3-BDBFD222795D}.Debug|x64.Build.0 = Debug|x64
		{9595745E-42FA-492F-84A3-BDBFD222795D}.Debug|x86.ActiveCfg = Debug|Win32
		{9595745E-42FA-492F-84A3-BDBFD222795D}.Debug|x86.Build.0 = Debug|Win32
		{9595745E-42FA-492F-84A3-BDBFD222795D}.Release|x64.ActiveCfg = Release|x64
		{9595745E-42FA-492F-84A3-BDBFD222795D}.Release|x64.Build.0 = Release|x64
		{9595745E-42FA-492F-84A3-BDBFD222795D}.Release|x86.ActiveCfg = Release|Win32
		{9595745E-42FA-492F-84A3-BDBFD222795D}.Release|x86.Build.0 = Release|Win32
		{21840B7A-BCCC-4ADF-8F7B-E5096AAD1B6D}.Debug|x64.ActiveCfg = Debug|x64
		{21840B7A-BCCC-4ADF-8F7B-E5096AAD1B6D}.Debug|x64.Build.0 = Debug|x64
		{21840B7A-BCCC-4ADF-8F7B-E5096AAD1B6D}.Debug|x86.ActiveCfg = Debug|Win32
		{21840B7A-BCCC-4ADF-8F7B-E5096AAD1B6D}.Debug|x86.Build.0 = Debug|Win32
		{21840B7A-BCCC-4ADF-8F7B-E5096AAD1B6D}.Release|x64.ActiveCfg = Release|x64
		{21840B7A-BCCC-4ADF-8F7B-E5096AAD1B6D}.Release|x64.Build.0 = Release|x64
		{21840B7A-BCCC-4ADF-8F7B-E5096AAD1B6D}.Release|x86.ActiveCfg = Release|Win32
		{21840B7A-BCCC-4ADF-8F7B-E5096AAD1B6D}.Release|x86.Build.0 = Release|Win32
		{501F772A-F1A8-4712-9627-7A1A031F8BAB}.Debug|x64.ActiveCfg = Debug|x64
		{501F772A-F1A8-4712-9627-7A1A031F8BAB}.Debug|x64.Build.0 = Debug|x64
		{501F772A-F1A8-4712-9627-7A1A031F8BAB}.Debug|x86.ActiveCfg = Debug|Win32
		{501F772A-F1A8-4712-9627-7A1A031F8BAB}.Debug|x86.Build.0 = Debug|Win32
		{501F772A-F1A8-4712-9627-7A1A031F8BAB}.Release|x64.ActiveCfg = Release|x64
		{501F772A-F1A8-4712-9627-7A1A031F8BAB}.Release|x64.Build.0 = Release|x64
		{501F772A-F1A8-4712-9627-7A1A031F8BAB}.Release|x86.ActiveCfg = Release|Win32
		{501F772A-F1A8-4712-9627-7A1A031F8BAB}.Release|x86.Build.0 = Release|Win32
		{C54E2032-E535-40B7-BCB5-55A672A493C5}.Debug|x64.ActiveCfg = Debug|x64
		{C54E2032-E535-40B7-BCB5-55A672A493C5}.Debug|x64.Build.0 = Debug|x64
		{C54E2032-E535-40B7-BCB5-55A672A493C5}.Debug|x86.ActiveCfg = Debug|Win32
		{C54E2032-E535-40B7-BCB5-55A672A493C5}.Debug|x86.Build.0 = Debug|Win32
		{C54E2032-E535-40B7-BCB5-55A672A493C5}.Release|x64.ActiveCfg = Release|x64
		{C54E2032-E535-40B7-BCB5-55A672A493C5}.Release|x64.Build.0 = Release|x64
		{C54E2032-E535-40B7-BCB5-55A672A493C5}.Release|x86.ActiveCfg = Release|Win32
		{C54E2032-E535-40B7-BCB5-55A672A493C5}.Release|x86.Build.0 = Release|Win32
		{14055549-1C13-4BA2-B816-AD43EAB5FB4E}.Debug|x64.ActiveCfg = Debug|x64
		{14055549-1C13-4BA2-B816-AD43EAB5FB4E}.Debug|x64.Build.0 = Debug|x64
		{14055549-1C13-4BA2-B816-AD43EAB5FB4E}.Debug|x86.ActiveCfg = Debug|Win32
		{14055549-1C13-4BA2-B816-AD43EAB5FB4E}.Debug|x86.Build.0 = Debug|Win32
		{14055549-1C13-4BA2-B816-AD43EAB5FB4E}.Release|x64.ActiveCfg = Release|x64
		{14055549-1C13-4BA2-B816-AD43EAB5FB4E}.Release|x64.Build.0 = Release|x64
		{14055549-1C13-4BA2-B816-AD43EAB5FB4E}.Release|x86.ActiveCfg = Release|Win32
		{14055549-1C13-4BA2-B816-AD43EAB5FB4E}.Release|x86.Build.0 = Release|Win32
		{D5695148-8634-448A-9913-E33B90C550E9}.Debug|x64.ActiveCfg = Debug|x64
		{D5695148-8634-448A-9913-E33B90C550E9}.Debug|x64.Build.0 = Debug|x64
		{D5695148-8634-448A-9913-E33B90C550E9}.Debug|x86.ActiveCfg = Debug|Win32
		{D5695148-8634-448A-9913-E33B90C550E9}.Debug|x86.Build.0 = Debug|Win32
		{D5695148-8634-448A-9913-E33B90C550E9}.Release|x64.ActiveCfg = Release|x64
		{D5695148-8634-448A-9913-E33B90C550E9}.Release|x64.Build.0 = Release|x64
		{D5695148-8634-448A-9913-E33B90C550E9}.Release|x86.ActiveCfg = Release|Win32
		{D5695148-8634-448A-9913-E33B90C550E9}.Release|x86.Build.0 = Release|Win32
		{D90597DB-DBB0-4EFC-A8AF-EAEB8D749577}.Debug|x64.ActiveCfg = Debug|x64
		{D90597DB-DBB0-4EFC-A8AF-EAEB8D749577}.Debug|x64.Build.0 = Debug|x64
		{D90597DB-DBB0-4EFC-A8AF-EAEB8D749577}.Debug|x86.ActiveCfg = Debug|Win32
		{D90597DB-DBB0-4EFC-A8AF-EAEB8D749577}.Debug|x86.Build.0 = Debug|Win32
		{D90597DB-DBB0-4EFC-A8AF-EAEB8D749577}.Release|x64.ActiveCfg = Release|x64
		{D90597DB-DBB0-4EFC-A8AF-EAEB8D749577}.Release|x64.Build.0 = Release|x64
		{D90597DB-DBB0-4EFC-A8AF-EAEB8D749577}.Release|x86.ActiveCfg = Release|Win32
		{D90597DB-DBB0-4EFC-A8AF-EAEB8D749577}.Release|x86.Build.0 = Release|Win32
		{C2075534-50B5-43E6-8554-1891C02E30F6}.Debug|x64.ActiveCfg = Debug|x64
		{C2075534-50B5-43E6-8554-1891C02E30F6}.Debug|x64.Build.0 = Debug|x64
		{C2075534-50B5-43E6-8554-1891C02E30F6}.Debug|x86.ActiveCfg = Debug|Win32
		{C2075534-50B5-43E6-8554-1891C02E30F6}.Debug|x86.Build.0 = Debug|Win32
		{C2075534-50B5-43E6-8554-1891C02E30F6}.Release|x64.ActiveCfg = Release|x64
		{C2075534-50B5-43E6-8554-1891C02E30F6}.Release|x64.Build.0 = Release|x64
		{C2075534-50B5-43E6-8554-1891C02E30F6}.Release|x86.ActiveCfg = Release|Win32
		{C2075534-50B5-43E6-8554-1891C02E30F6}.Release|x86.Build.0 = Release|Win32
		{DAD051B2-8FD5-4795-BFEE-C3505FC8D9F3}.Debug|x64.ActiveCfg = Debug|x64
		{DAD051B2-8FD5-4795-BFEE-C3505FC8D9F3}.Debug|x64.Build.0 = Debug|x64
		{DAD051B2-8FD5-4795-BFEE-C3505FC8D9F3}.Debug|x86.ActiveCfg = Debug|Win32
		{DAD051B2-8FD5-4795-BFEE-C3505FC8D9F3}.Debug|x86.Build.0 = Debug|Win32
		{DAD051B2-8FD5-4795-BFEE-C3505FC8D9F3}.Release|x64.ActiveCfg = Release|x64
		{DAD051B2-8FD5-4795-BFEE-C3505FC8D9F3}.Release|x64.Build.0 = Release|x64
		{DAD051B2-8FD5-4795-BFEE-C3505FC8D9F3}.Release|x86.ActiveCfg = Release|Win32
		{DAD051B2-8FD5-4795-BFEE-C3505FC8D9F3}.Release|x86.Build.0 = Release|Win32
		{111FEE69-4A45-4A23-83CD-63FCD0372B01}.Debug|x64.ActiveCfg = Debug|x64
		{111FEE69-4A45-4A23-83CD-63FCD0372B01}.Debug|x64.Build.0 = Debug|x64
		{111FEE69-4A45-4A23-83CD-63FCD0372B01}.Debug|x86.ActiveCfg = Debug|Win32
		{111FEE69-4A45-4A23-83CD-63FCD0372B01}.Debug|x86.Build.0 = Debug|Win32
		{111FEE69-4A45-4A23-83CD-63FCD0372B01}.Release|x64.ActiveCfg = Release|x64
		{111FEE69-4A45-4A23-83CD-63FCD0372B01}.Release|x64.Build.0 = Release|x64
		{111FEE69-4A45-4A23-83CD-63FCD0372B01}.Release|x86.ActiveCfg = Release|Win32
		{111FEE69-4A45-4A23-83CD-63FCD0372B01}.Release|x86.Build.0 = Release|Win32
		{869C84B0-14F4-4623-AEFD-DC550E1E3A8C}.Debug|x64.ActiveCfg = Debug|x64
		{869C84B0-14F4-4623-AEFD-DC550E1E3A8C}.Debug|x64.Build.0 = Debug|x64
		{869C84B0-14F4-4623-AEFD-DC550E1E3A8C}.Debug|x86.ActiveCfg = Debug|Win32
		{869C84B0-14F4-4623-AEFD-DC550E1E3A8C}.Debug|x86.Build.0 = Debug|Win32
		{869C84B0-14F4-4623-AEFD-DC550E1E3A8C}.Release|x64.ActiveCfg = Release|x64
		{869C84B0-14F4-4623-AEFD-DC550E1E3A8C}.Release|x64.Build.0 = Release|x64
		{869C84B0-14F4-4623-AEFD-DC550E1E3A8C}.Release|x86.ActiveCfg = Release|Win32
		{869C84B0-14F4-4623-AEFD-DC550E1E3A8C}.Release|x86.Build.0 = Release|Win32
		{E6B2DCAA-EA76-4179-9F14-1FD5C4570C96}.Debug|x64.ActiveCfg = Debug|x64
		{E6B2DCAA-EA76-4179-9F14-1FD5C4570C96}.Debug|x64.Build.0 = Debug|x64
		{E6B2DCAA-EA76-4179-9F14-1FD5C4570C96}.Debug|x86.ActiveCfg = Debug|Win32
		{E6B2DCAA-EA76-4179-9F14-1FD5C4570C96}.Debug|x86.Build.0 = Debug|Win32
		{E6B2DCAA-EA76-4179-9F14-1FD5C4570C96}.Release|x64.ActiveCfg = Release|x64
		{E6B2DCAA-EA76-4179-9F14-1FD5C4570C96}.Release|x64.Build.0 = Release|x64
		{E6B2DCAA-EA76-4179-9F14-1FD5C4570C96}.Release|x86.ActiveCfg = Release|Win32
		{E6B2DCAA-EA76-4179-9F14-1FD5C4570C96}.Release|x86.Build.0 = Release|Win32
		{EA430195-741C-4DEA-AA34-513C7DB63C25}.Debug|x64.ActiveCfg = Debug|x64
		{EA430195-741C-4DEA-AA34-513C7DB63C25}.Debug|x64.Build.0 = Debug|x64
		{EA430195-741C-4DEA-AA34-513C7DB63C25}.Debug|x86.ActiveCfg = Debug|Win32
		{EA430195-741C-4DEA-AA34-513C7DB63C25}.Debug|x86.Build.0 = Debug|Win32
		{EA430195-741C-4DEA-AA34-513C7DB63C25}.Release|x64.ActiveCfg = Release|x64
		{EA430195-741C-4DEA-AA34-513C7DB63C25}.Release|x64.Build.0 = Release|x64
		{EA430195-741C-4DEA-AA34-513C7DB63C25}.Release|x86.ActiveCfg = Release|Win32
		{EA430195-741C-4DEA-AA34-513C7DB63C25}.Release|x86.Build.0 = Release|Win32
		{772FA210-419C-4E04-940F-3CD057F545EB}.Debug|x64.ActiveCfg = Debug|x64
		{772FA210-419C-4E04-940F-3CD057F545EB}.Debug|x64.Build.0 = Debug|x64
		{772FA210-419C-4E04-940F-3CD057F545EB}.Debug|x86.ActiveCfg = Debug|Win32
		{772FA210-419C-4E04-940F-3CD057F545EB}.Debug|x86.Build.0 = Debug|Win32
		{772FA210-419C-4E04-940F-3CD057F545EB}.Release|x64.ActiveCfg = Release|x64
		{772FA210-419C-4E04-940F-3CD057F545EB}.Release|x64.Build.0 = Release|x64
		{772FA210-419C-4E04-940F-3CD057F545EB}.Release|x86.ActiveCfg = Release|Win32
		{772FA210-419C-4E04-940F-3CD057F545EB}.Release|x86.Build.0 = Release|Win32
		{7E73C7F9-7241-4751-A2AC-0D45B95FAD60}.Debug|x64.ActiveCfg = Debug|x64
		{7E73C7F9-7241-4751-A2AC-0D45B95FAD60}.Debug|x64.Build.0 = Debug|x64
		{7E73C7F9-7241-4751-A2AC-0D45B95FAD60}.Debug|x86.ActiveCfg = Debug|Win32
		{7E73C7F9-7241-4751-A2AC-0D45B95FAD60}.Debug|x86.Build.0 = Debug|Win32
		{7E73C7F9-7241-4751-A2AC-0D45B95FAD60}.Release|x64.ActiveCfg = Release|x64
		{7E73C7F9-7241-4751-A2AC-0D45B95FAD60}.Release|x64.Build.0 = Release|x64
		{7E73C7F9-7241-4751-A2AC-0D45B95FAD60}.Release|x86.ActiveCfg = Release|Win32
		{7E73C7F9-7241-4751-A2AC-0D45B95FAD60}.Release|x86.Build.0 = Release|Win32
		{EDCF09F3-0FDE-4739-925B-B036E587DCDB}.Debug|x64.ActiveCfg = Debug|x64
		{EDCF09F3-0FDE-4739-925B-B036E587DCDB}.Debug|x64.Build.0 = Debug|x64
		{EDCF09F3-0FDE-4739-925B-B036E587DCDB}.Debug|x86.ActiveCfg = Debug|Win32
		{EDCF09F3-0FDE-4739-925B-B036E587DCDB}.Debug|x86.Build.0 = Debug|Win32
		{EDCF09F3-0FDE-4739-925B-B036E587DCDB}.Release|x64.ActiveCfg = Release|x64
		{EDCF09F3-0FDE-4739-925B-B036E587DCDB}.Release|x64.Build.0 = Release|x64
		{EDCF09F3-0FDE-4739-925B-B036E587DCDB}.Release|x86.ActiveCfg = Release|Win32
		{EDCF09F3-0FDE-4739-925B-B036E587DCDB}.Release|x86.Build.0 = Release|Win32
		{598793D2-BD18-4483-967D-09A683E8B74E}.Debug|x64.ActiveCfg = Debug|x64
		{598793D2-BD18-4483-967D-09A683E8B74E}.Debug|x64.Build.0 = Debug|x64
		{598793D2-BD18-4483-967D-09A683E8B74E}.Debug|x86.ActiveCfg = Debug|Win32
		{598793D2-BD18-4483-967D-09A683E8B74E}.Debug|x86.Build.0 = Debug|Win32
		{598793D2-BD18-4483-967D-09A683E8B74E}.Release|x64.ActiveCfg = Release|x64
		{598793D2-BD18-4483-967D-09A683E8B74E}.Release|x64.Build.0 = Release|x64
		{598793D2-BD18-4483-967D-09A683E8B74E}.Release|x86.ActiveCfg = Release|Win32
		{598793D2-BD18-4483-967D-09A683E8B74E}.Release|x86.Build.0 = Release|Win32
		{61A21336-03D2-45C3-AA77-94A8B158A027}.Debug|x64.ActiveCfg = Debug|x64
		{61A21336-03D2-45C3-AA77-94A8B158A027}.Debug|x64.Build.0 = Debug|x64
		{61A21336-03D2-45C3-AA77-94A8B158A027}.Debug|x86.ActiveCfg = Debug|Win32
		{61A21336-03D2-45C3-AA77-94A8B158A027}.Debug|x86.Build.0 = Debug|Win32
		{61A21336-03D2-45C3-AA77-94A8B158A027}.Release|x64.ActiveCfg = Release|x64
		{61A21336-03D2-45C3-AA77-94A8B158A027}.Release|x64.Build.0 = Release|x64
		{61A21336-03D2-45C3-AA77-94A8B158A027}.Release|x86.ActiveCfg = Release|Win32
		{61A21336-03D2-45C3-AA77-94A8B158A027}.Release|x86.Build.0 = Release|Win32
		{F54F35D3-9B77-43A8-A363-7C82CE4104A5}.Debug|x64.ActiveCfg = Debug|x64
		{F54F35D3-9B77-43A8-A363-7C82CE4104A5}.Debug|x64.Build.0 = Debug|x64
		{F54F35D3-9B77-43A8-A363-7C82CE4104A5}.Debug|x86.ActiveCfg = Debug|Win32
		{F54F35D3-9B77-43A8-A363-7C82CE4104A5}.Debug|x86.Build.0 = Debug|Win32
		{F54F35D3-9B77-43A8-A363-7C82CE4104A5}.Release|x64.ActiveCfg = Release|x64
		{F54F35D3-9B77-43A8-A363-7C82CE4104A5}.Release|x64.Build.0 = Release|x64
		{F54F35D3-9B77-43A8-A363-7C82CE4104A5}.Release|x86.ActiveCfg = Release|Win32
		{F54F35D3-9B77-43A8-A363-7C82CE4104A5}.Release|x86.Build.0 = Release|Win32
		{25D13AE3-7B90-4C86-9BFA-356195CF5486}.Debug|x64.ActiveCfg = Debug|x64
		{25D13AE3-7B90-4C86-9BFA-356195CF5486}.Debug|x64.Build.0 = Debug|x64
		{25D13AE3-7B90-4C86-9BFA-356195CF5486}.Debug|x86.ActiveCfg = Debug|Win32
		{25D13AE3-7B90-4C86-9BFA-356195CF5486}.Debug|x86.Build.0 = Debug|Win32
		{25D13AE3-7B90-4C86-9BFA-356195CF5486}.Release|x64.ActiveCfg = Release|x64
		{25D13AE3-7B90-4C86-9BFA-356195CF5486}.Release|x64.Build.0 = Release|x64
		{25D13AE3-7B90-4C86-9BFA-356195CF5486}.Release|x86.ActiveCfg = Release|Win32
		{25D13AE3-7B90-4C86-9BFA-356195CF5486}.Release|x86.Build.0 = Release|Win32
		{D7A9A3CA-2C1F-4234-9AFB-CAECCD4B909F}.Debug|x64.ActiveCfg = Debug|x64
		{D7A9A3CA-2C1F-4234-9AFB-CAECCD4B909F}.Debug|x64.Build.0 = Debug|x64
		{D7A9A3CA-2C1F-4234-9AFB-CAECCD4B909F}.Debug|x86.ActiveCfg = Debug|Win32
		{D7A9A3CA-2C1F-4234-9AFB-CAECCD4B909F}.Debug|x86.Build.0 = Debug|Win32
		{D7A9A3CA-2C1F-4234-9AFB-CAECCD4B909F}.Release|x64.ActiveCfg = Release|x64
		{D7A9A3CA-2C1F-4234-9AFB-CAECCD4B909F}.Release|x64.Build.0 = Release|x64
		{D7A9A3CA-2C1F-4234-9AFB-CAECCD4B909F}.Release|x86.ActiveCfg = Release|Win32
		{D7A9A3CA-2C1F-4234-9AFB-CAECCD4B909F}.Release|x86.Build.0 = Release|Win32
		{70B2A9A7-1C23-4A0E-8F15-FE2710483706}.Debug|x64.ActiveCfg = Debug|x64
		{70B2A9A7-1C23-4A0E-8F15-FE2710483706}.Debug|x64.Build.0 = Debug|x64
		{70B2A9A7-1C23-4A0E-8F15-FE2710483706}.Debug|x86.ActiveCfg = Debug|Win32
		{70B2A9A7-1C23-4A0E-8F15-FE2710483706}.Debug|x86.Build.0 = Debug|Win32
		{70B2A9A7-1C23-4A0E-8F15-FE2710483706}.Release|x64.ActiveCfg = Release|x64
		{70B2A9A7-1C23-4A0E-8F15-FE2710483706}.Release|x64.Build.0 = Release|x64
		{70B2A9A7-1C23-4A0E-8F15-FE2710483706}.Release|x86.ActiveCfg = Release|Win32
		{70B2A9A7-1C23-4A0E-8F15-FE2710483706}.Release|x86.Build.0 = Release|Win32
	EndGlobalSection
	GlobalSection(SolutionProperties) = preSolution
		HideSolutionNode = FALSE
	EndGlobalSection
	GlobalSection(ExtensibilityGlobals) = postSolution
		SolutionGuid = {660137FE-8836-45EA-90B4-0A29B1B5065F}
	EndGlobalSection
EndGlobal
