
Microsoft Visual Studio Solution File, Format Version 12.00
# Visual Studio Version 16
VisualStudioVersion = 16.0.31624.102
MinimumVisualStudioVersion = 10.0.40219.1
Project("{8BC9CEB8-8B4A-11D0-8D11-00A0C91BC942}") = "Hello_World", "Hello_World\Hello_World.vcxproj", "{7C419F02-D635-48B6-9C0B-A22789A16D7B}"
EndProject
Project("{8BC9CEB8-8B4A-11D0-8D11-00A0C91BC942}") = "1.1_program_structure", "1.1_program_structure\1.1_program_structure.vcxproj", "{83158BDD-F539-429C-A3FD-E897D1F8BF6A}"
EndProject
Project("{8BC9CEB8-8B4A-11D0-8D11-00A0C91BC942}") = "1.3_variables", "1.3_variables\1.3_variables.vcxproj", "{FE2118DD-6B5B-43F3-BD94-E98CF75AF99A}"
EndProject
Project("{8BC9CEB8-8B4A-11D0-8D11-00A0C91BC942}") = "1.4_basic_input_output_stream", "1.4_basic_input_output_stream\1.4_basic_input_output_stream.vcxproj", "{36DAFFD2-33C6-48F0-878F-DB85BCDE2BBB}"
EndProject
Project("{8BC9CEB8-8B4A-11D0-8D11-00A0C91BC942}") = "1.5_basic_function", "1.5_basic_function\1.5_basic_function.vcxproj", "{1892B593-30B1-4367-9ED8-F3A11929055C}"
EndProject
Project("{8BC9CEB8-8B4A-11D0-8D11-00A0C91BC942}") = "1.7_local_scope", "1.7_local_scope\1.7_local_scope.vcxproj", "{80113B1E-0BE8-4CDB-B68B-158F4CEFDE7F}"
EndProject
Project("{8BC9CEB8-8B4A-11D0-8D11-00A0C91BC942}") = "1.8_operators", "1.8_operators\1.8_operators.vcxproj", "{5783BFE3-923D-497E-A854-3E68C82328D8}"
EndProject
Project("{8BC9CEB8-8B4A-11D0-8D11-00A0C91BC942}") = "1.9_basic_formatting", "1.9_basic_formatting\1.9_basic_formatting.vcxproj", "{3D383BF6-23FC-4587-BC37-4F96EA56B923}"
EndProject
Project("{8BC9CEB8-8B4A-11D0-8D11-00A0C91BC942}") = "1.10_seperate_Declaration_and_Definition", "1.10_seperate_Declaration_and_Definition\1.10_seperate_Declaration_and_Definition.vcxproj", "{89BECB2E-4697-4273-939D-B079AA707821}"
EndProject
Project("{8BC9CEB8-8B4A-11D0-8D11-00A0C91BC942}") = "1.11_header_file", "1.11_header_file\1.11_header_file.vcxproj", "{16644DD9-69E9-418E-8639-5CD5DEC8ACE9}"
EndProject
Project("{8BC9CEB8-8B4A-11D0-8D11-00A0C91BC942}") = "1.12_header_guard", "1.12_header_guard\1.12_header_guard.vcxproj", "{9F1C8F24-BB95-4FD2-AE48-8C16901A14CD}"
EndProject
Project("{8BC9CEB8-8B4A-11D0-8D11-00A0C91BC942}") = "1.13_namespace", "1.13_namespace\1.13_namespace.vcxproj", "{30405FF4-EDC4-4298-BE27-7E7820A7CA51}"
EndProject
Project("{8BC9CEB8-8B4A-11D0-8D11-00A0C91BC942}") = "1.14_preprocessor", "1.14_preprocessor\1.14_preprocessor.vcxproj", "{D560E1D9-86EC-4570-BC9A-895B375F658A}"
EndProject
Project("{8BC9CEB8-8B4A-11D0-8D11-00A0C91BC942}") = "2.1_fundamental_data_types", "2.1_fundamental_data_types\2.1_fundamental_data_types.vcxproj", "{29FA8155-014A-4C12-A826-4B817B6A3093}"
EndProject
Project("{8BC9CEB8-8B4A-11D0-8D11-00A0C91BC942}") = "2.2_integers", "2.2_integers\2.2_integers.vcxproj", "{F2860875-D83A-4A21-8AA1-83EC43F2FC6E}"
EndProject
Project("{8BC9CEB8-8B4A-11D0-8D11-00A0C91BC942}") = "2.3_fixed-width_integers", "2.3_fixed-width_integers\2.3_fixed-width_integers.vcxproj", "{48626581-6F2F-495C-B19A-77F0A92583C7}"
EndProject
Project("{8BC9CEB8-8B4A-11D0-8D11-00A0C91BC942}") = "2.4_void", "2.4_void\2.4_void.vcxproj", "{A72C04C8-EEC4-43FC-8DBA-BEF4A7A24CDD}"
EndProject
Project("{8BC9CEB8-8B4A-11D0-8D11-00A0C91BC942}") = "2.5_floating_point_numbers", "2.5_floating_point_numbers\2.5_floating_point_numbers.vcxproj", "{D2F853F9-91D0-4D25-A25C-A35FE1E6AC2E}"
EndProject
Project("{8BC9CEB8-8B4A-11D0-8D11-00A0C91BC942}") = "2.6_boolean_type_and_if", "2.6_boolean_type_and_if\2.6_boolean_type_and_if.vcxproj", "{632A9C81-DE36-4D41-B923-C8B53160594A}"
EndProject
Project("{8BC9CEB8-8B4A-11D0-8D11-00A0C91BC942}") = "2.7_char_type", "2.7_char_type\2.7_char_type.vcxproj", "{601D3B3F-311E-4A6E-8ECD-3B57F5A77419}"
EndProject
Project("{8BC9CEB8-8B4A-11D0-8D11-00A0C91BC942}") = "2.8_literal_constants", "2.8_literal_constants\2.8_literal_constants.vcxproj", "{5854CD91-7CAD-4866-8749-BECBA5CFE35B}"
EndProject
Project("{8BC9CEB8-8B4A-11D0-8D11-00A0C91BC942}") = "2.9_symbolic_constants", "2.9_symbolic_constants\2.9_symbolic_constants.vcxproj", "{96B528D9-510C-47F3-9C9D-0C5AE4EBBDE3}"
EndProject
Project("{8BC9CEB8-8B4A-11D0-8D11-00A0C91BC942}") = "3.1_operator_precedence_and_associativity", "3.1_operator_precedence_and_associativity\3.1_operator_precedence_and_associativity.vcxproj", "{B5FB263E-E691-4E73-A42F-F9AABCA68496}"
EndProject
Project("{8BC9CEB8-8B4A-11D0-8D11-00A0C91BC942}") = "3.2_arithmetic_operators", "3.2_arithmetic_operators\3.2_arithmetic_operators.vcxproj", "{03E18CC0-D15F-485D-97E0-E514DA1D679B}"
EndProject
Project("{8BC9CEB8-8B4A-11D0-8D11-00A0C91BC942}") = "3.3_increment_decrement_operators", "3.3_increment_decrement_operators\3.3_increment_decrement_operators.vcxproj", "{A6386AC1-9715-408E-89F0-FD3DAE6CB25D}"
EndProject
Project("{8BC9CEB8-8B4A-11D0-8D11-00A0C91BC942}") = "3.4_sizeof_and_comma_operator_and_conditional_operator", "3.4_sizeof_and_comma_operator_and_conditional_operator\3.4_sizeof_and_comma_operator_and_conditional_operator.vcxproj", "{7740564C-F65C-4E71-A419-782F5D28FE5A}"
EndProject
Project("{8BC9CEB8-8B4A-11D0-8D11-00A0C91BC942}") = "3.5_relational_operators", "3.5_relational_operators\3.5_relational_operators.vcxproj", "{997E29EE-11B6-4BBB-BFBB-2DFC6BC7FCBD}"
EndProject
Project("{8BC9CEB8-8B4A-11D0-8D11-00A0C91BC942}") = "3.6_logical_operators", "3.6_logical_operators\3.6_logical_operators.vcxproj", "{37185AD9-9DD6-4462-BE3D-34AB68FA17A5}"
EndProject
Global
	GlobalSection(SolutionConfigurationPlatforms) = preSolution
		Debug|x64 = Debug|x64
		Debug|x86 = Debug|x86
		Release|x64 = Release|x64
		Release|x86 = Release|x86
	EndGlobalSection
	GlobalSection(ProjectConfigurationPlatforms) = postSolution
		{7C419F02-D635-48B6-9C0B-A22789A16D7B}.Debug|x64.ActiveCfg = Debug|x64
		{7C419F02-D635-48B6-9C0B-A22789A16D7B}.Debug|x64.Build.0 = Debug|x64
		{7C419F02-D635-48B6-9C0B-A22789A16D7B}.Debug|x86.ActiveCfg = Debug|Win32
		{7C419F02-D635-48B6-9C0B-A22789A16D7B}.Debug|x86.Build.0 = Debug|Win32
		{7C419F02-D635-48B6-9C0B-A22789A16D7B}.Release|x64.ActiveCfg = Release|x64
		{7C419F02-D635-48B6-9C0B-A22789A16D7B}.Release|x64.Build.0 = Release|x64
		{7C419F02-D635-48B6-9C0B-A22789A16D7B}.Release|x86.ActiveCfg = Release|Win32
		{7C419F02-D635-48B6-9C0B-A22789A16D7B}.Release|x86.Build.0 = Release|Win32
		{83158BDD-F539-429C-A3FD-E897D1F8BF6A}.Debug|x64.ActiveCfg = Debug|x64
		{83158BDD-F539-429C-A3FD-E897D1F8BF6A}.Debug|x64.Build.0 = Debug|x64
		{83158BDD-F539-429C-A3FD-E897D1F8BF6A}.Debug|x86.ActiveCfg = Debug|Win32
		{83158BDD-F539-429C-A3FD-E897D1F8BF6A}.Debug|x86.Build.0 = Debug|Win32
		{83158BDD-F539-429C-A3FD-E897D1F8BF6A}.Release|x64.ActiveCfg = Release|x64
		{83158BDD-F539-429C-A3FD-E897D1F8BF6A}.Release|x64.Build.0 = Release|x64
		{83158BDD-F539-429C-A3FD-E897D1F8BF6A}.Release|x86.ActiveCfg = Release|Win32
		{83158BDD-F539-429C-A3FD-E897D1F8BF6A}.Release|x86.Build.0 = Release|Win32
		{FE2118DD-6B5B-43F3-BD94-E98CF75AF99A}.Debug|x64.ActiveCfg = Debug|x64
		{FE2118DD-6B5B-43F3-BD94-E98CF75AF99A}.Debug|x64.Build.0 = Debug|x64
		{FE2118DD-6B5B-43F3-BD94-E98CF75AF99A}.Debug|x86.ActiveCfg = Debug|Win32
		{FE2118DD-6B5B-43F3-BD94-E98CF75AF99A}.Debug|x86.Build.0 = Debug|Win32
		{FE2118DD-6B5B-43F3-BD94-E98CF75AF99A}.Release|x64.ActiveCfg = Release|x64
		{FE2118DD-6B5B-43F3-BD94-E98CF75AF99A}.Release|x64.Build.0 = Release|x64
		{FE2118DD-6B5B-43F3-BD94-E98CF75AF99A}.Release|x86.ActiveCfg = Release|Win32
		{FE2118DD-6B5B-43F3-BD94-E98CF75AF99A}.Release|x86.Build.0 = Release|Win32
		{36DAFFD2-33C6-48F0-878F-DB85BCDE2BBB}.Debug|x64.ActiveCfg = Debug|x64
		{36DAFFD2-33C6-48F0-878F-DB85BCDE2BBB}.Debug|x64.Build.0 = Debug|x64
		{36DAFFD2-33C6-48F0-878F-DB85BCDE2BBB}.Debug|x86.ActiveCfg = Debug|Win32
		{36DAFFD2-33C6-48F0-878F-DB85BCDE2BBB}.Debug|x86.Build.0 = Debug|Win32
		{36DAFFD2-33C6-48F0-878F-DB85BCDE2BBB}.Release|x64.ActiveCfg = Release|x64
		{36DAFFD2-33C6-48F0-878F-DB85BCDE2BBB}.Release|x64.Build.0 = Release|x64
		{36DAFFD2-33C6-48F0-878F-DB85BCDE2BBB}.Release|x86.ActiveCfg = Release|Win32
		{36DAFFD2-33C6-48F0-878F-DB85BCDE2BBB}.Release|x86.Build.0 = Release|Win32
		{1892B593-30B1-4367-9ED8-F3A11929055C}.Debug|x64.ActiveCfg = Debug|x64
		{1892B593-30B1-4367-9ED8-F3A11929055C}.Debug|x64.Build.0 = Debug|x64
		{1892B593-30B1-4367-9ED8-F3A11929055C}.Debug|x86.ActiveCfg = Debug|Win32
		{1892B593-30B1-4367-9ED8-F3A11929055C}.Debug|x86.Build.0 = Debug|Win32
		{1892B593-30B1-4367-9ED8-F3A11929055C}.Release|x64.ActiveCfg = Release|x64
		{1892B593-30B1-4367-9ED8-F3A11929055C}.Release|x64.Build.0 = Release|x64
		{1892B593-30B1-4367-9ED8-F3A11929055C}.Release|x86.ActiveCfg = Release|Win32
		{1892B593-30B1-4367-9ED8-F3A11929055C}.Release|x86.Build.0 = Release|Win32
		{80113B1E-0BE8-4CDB-B68B-158F4CEFDE7F}.Debug|x64.ActiveCfg = Debug|x64
		{80113B1E-0BE8-4CDB-B68B-158F4CEFDE7F}.Debug|x64.Build.0 = Debug|x64
		{80113B1E-0BE8-4CDB-B68B-158F4CEFDE7F}.Debug|x86.ActiveCfg = Debug|Win32
		{80113B1E-0BE8-4CDB-B68B-158F4CEFDE7F}.Debug|x86.Build.0 = Debug|Win32
		{80113B1E-0BE8-4CDB-B68B-158F4CEFDE7F}.Release|x64.ActiveCfg = Release|x64
		{80113B1E-0BE8-4CDB-B68B-158F4CEFDE7F}.Release|x64.Build.0 = Release|x64
		{80113B1E-0BE8-4CDB-B68B-158F4CEFDE7F}.Release|x86.ActiveCfg = Release|Win32
		{80113B1E-0BE8-4CDB-B68B-158F4CEFDE7F}.Release|x86.Build.0 = Release|Win32
		{5783BFE3-923D-497E-A854-3E68C82328D8}.Debug|x64.ActiveCfg = Debug|x64
		{5783BFE3-923D-497E-A854-3E68C82328D8}.Debug|x64.Build.0 = Debug|x64
		{5783BFE3-923D-497E-A854-3E68C82328D8}.Debug|x86.ActiveCfg = Debug|Win32
		{5783BFE3-923D-497E-A854-3E68C82328D8}.Debug|x86.Build.0 = Debug|Win32
		{5783BFE3-923D-497E-A854-3E68C82328D8}.Release|x64.ActiveCfg = Release|x64
		{5783BFE3-923D-497E-A854-3E68C82328D8}.Release|x64.Build.0 = Release|x64
		{5783BFE3-923D-497E-A854-3E68C82328D8}.Release|x86.ActiveCfg = Release|Win32
		{5783BFE3-923D-497E-A854-3E68C82328D8}.Release|x86.Build.0 = Release|Win32
		{3D383BF6-23FC-4587-BC37-4F96EA56B923}.Debug|x64.ActiveCfg = Debug|x64
		{3D383BF6-23FC-4587-BC37-4F96EA56B923}.Debug|x64.Build.0 = Debug|x64
		{3D383BF6-23FC-4587-BC37-4F96EA56B923}.Debug|x86.ActiveCfg = Debug|Win32
		{3D383BF6-23FC-4587-BC37-4F96EA56B923}.Debug|x86.Build.0 = Debug|Win32
		{3D383BF6-23FC-4587-BC37-4F96EA56B923}.Release|x64.ActiveCfg = Release|x64
		{3D383BF6-23FC-4587-BC37-4F96EA56B923}.Release|x64.Build.0 = Release|x64
		{3D383BF6-23FC-4587-BC37-4F96EA56B923}.Release|x86.ActiveCfg = Release|Win32
		{3D383BF6-23FC-4587-BC37-4F96EA56B923}.Release|x86.Build.0 = Release|Win32
		{89BECB2E-4697-4273-939D-B079AA707821}.Debug|x64.ActiveCfg = Debug|x64
		{89BECB2E-4697-4273-939D-B079AA707821}.Debug|x64.Build.0 = Debug|x64
		{89BECB2E-4697-4273-939D-B079AA707821}.Debug|x86.ActiveCfg = Debug|Win32
		{89BECB2E-4697-4273-939D-B079AA707821}.Debug|x86.Build.0 = Debug|Win32
		{89BECB2E-4697-4273-939D-B079AA707821}.Release|x64.ActiveCfg = Release|x64
		{89BECB2E-4697-4273-939D-B079AA707821}.Release|x64.Build.0 = Release|x64
		{89BECB2E-4697-4273-939D-B079AA707821}.Release|x86.ActiveCfg = Release|Win32
		{89BECB2E-4697-4273-939D-B079AA707821}.Release|x86.Build.0 = Release|Win32
		{16644DD9-69E9-418E-8639-5CD5DEC8ACE9}.Debug|x64.ActiveCfg = Debug|x64
		{16644DD9-69E9-418E-8639-5CD5DEC8ACE9}.Debug|x64.Build.0 = Debug|x64
		{16644DD9-69E9-418E-8639-5CD5DEC8ACE9}.Debug|x86.ActiveCfg = Debug|Win32
		{16644DD9-69E9-418E-8639-5CD5DEC8ACE9}.Debug|x86.Build.0 = Debug|Win32
		{16644DD9-69E9-418E-8639-5CD5DEC8ACE9}.Release|x64.ActiveCfg = Release|x64
		{16644DD9-69E9-418E-8639-5CD5DEC8ACE9}.Release|x64.Build.0 = Release|x64
		{16644DD9-69E9-418E-8639-5CD5DEC8ACE9}.Release|x86.ActiveCfg = Release|Win32
		{16644DD9-69E9-418E-8639-5CD5DEC8ACE9}.Release|x86.Build.0 = Release|Win32
		{9F1C8F24-BB95-4FD2-AE48-8C16901A14CD}.Debug|x64.ActiveCfg = Debug|x64
		{9F1C8F24-BB95-4FD2-AE48-8C16901A14CD}.Debug|x64.Build.0 = Debug|x64
		{9F1C8F24-BB95-4FD2-AE48-8C16901A14CD}.Debug|x86.ActiveCfg = Debug|Win32
		{9F1C8F24-BB95-4FD2-AE48-8C16901A14CD}.Debug|x86.Build.0 = Debug|Win32
		{9F1C8F24-BB95-4FD2-AE48-8C16901A14CD}.Release|x64.ActiveCfg = Release|x64
		{9F1C8F24-BB95-4FD2-AE48-8C16901A14CD}.Release|x64.Build.0 = Release|x64
		{9F1C8F24-BB95-4FD2-AE48-8C16901A14CD}.Release|x86.ActiveCfg = Release|Win32
		{9F1C8F24-BB95-4FD2-AE48-8C16901A14CD}.Release|x86.Build.0 = Release|Win32
		{30405FF4-EDC4-4298-BE27-7E7820A7CA51}.Debug|x64.ActiveCfg = Debug|x64
		{30405FF4-EDC4-4298-BE27-7E7820A7CA51}.Debug|x64.Build.0 = Debug|x64
		{30405FF4-EDC4-4298-BE27-7E7820A7CA51}.Debug|x86.ActiveCfg = Debug|Win32
		{30405FF4-EDC4-4298-BE27-7E7820A7CA51}.Debug|x86.Build.0 = Debug|Win32
		{30405FF4-EDC4-4298-BE27-7E7820A7CA51}.Release|x64.ActiveCfg = Release|x64
		{30405FF4-EDC4-4298-BE27-7E7820A7CA51}.Release|x64.Build.0 = Release|x64
		{30405FF4-EDC4-4298-BE27-7E7820A7CA51}.Release|x86.ActiveCfg = Release|Win32
		{30405FF4-EDC4-4298-BE27-7E7820A7CA51}.Release|x86.Build.0 = Release|Win32
		{D560E1D9-86EC-4570-BC9A-895B375F658A}.Debug|x64.ActiveCfg = Debug|x64
		{D560E1D9-86EC-4570-BC9A-895B375F658A}.Debug|x64.Build.0 = Debug|x64
		{D560E1D9-86EC-4570-BC9A-895B375F658A}.Debug|x86.ActiveCfg = Debug|Win32
		{D560E1D9-86EC-4570-BC9A-895B375F658A}.Debug|x86.Build.0 = Debug|Win32
		{D560E1D9-86EC-4570-BC9A-895B375F658A}.Release|x64.ActiveCfg = Release|x64
		{D560E1D9-86EC-4570-BC9A-895B375F658A}.Release|x64.Build.0 = Release|x64
		{D560E1D9-86EC-4570-BC9A-895B375F658A}.Release|x86.ActiveCfg = Release|Win32
		{D560E1D9-86EC-4570-BC9A-895B375F658A}.Release|x86.Build.0 = Release|Win32
		{29FA8155-014A-4C12-A826-4B817B6A3093}.Debug|x64.ActiveCfg = Debug|x64
		{29FA8155-014A-4C12-A826-4B817B6A3093}.Debug|x64.Build.0 = Debug|x64
		{29FA8155-014A-4C12-A826-4B817B6A3093}.Debug|x86.ActiveCfg = Debug|Win32
		{29FA8155-014A-4C12-A826-4B817B6A3093}.Debug|x86.Build.0 = Debug|Win32
		{29FA8155-014A-4C12-A826-4B817B6A3093}.Release|x64.ActiveCfg = Release|x64
		{29FA8155-014A-4C12-A826-4B817B6A3093}.Release|x64.Build.0 = Release|x64
		{29FA8155-014A-4C12-A826-4B817B6A3093}.Release|x86.ActiveCfg = Release|Win32
		{29FA8155-014A-4C12-A826-4B817B6A3093}.Release|x86.Build.0 = Release|Win32
		{F2860875-D83A-4A21-8AA1-83EC43F2FC6E}.Debug|x64.ActiveCfg = Debug|x64
		{F2860875-D83A-4A21-8AA1-83EC43F2FC6E}.Debug|x64.Build.0 = Debug|x64
		{F2860875-D83A-4A21-8AA1-83EC43F2FC6E}.Debug|x86.ActiveCfg = Debug|Win32
		{F2860875-D83A-4A21-8AA1-83EC43F2FC6E}.Debug|x86.Build.0 = Debug|Win32
		{F2860875-D83A-4A21-8AA1-83EC43F2FC6E}.Release|x64.ActiveCfg = Release|x64
		{F2860875-D83A-4A21-8AA1-83EC43F2FC6E}.Release|x64.Build.0 = Release|x64
		{F2860875-D83A-4A21-8AA1-83EC43F2FC6E}.Release|x86.ActiveCfg = Release|Win32
		{F2860875-D83A-4A21-8AA1-83EC43F2FC6E}.Release|x86.Build.0 = Release|Win32
		{48626581-6F2F-495C-B19A-77F0A92583C7}.Debug|x64.ActiveCfg = Debug|x64
		{48626581-6F2F-495C-B19A-77F0A92583C7}.Debug|x64.Build.0 = Debug|x64
		{48626581-6F2F-495C-B19A-77F0A92583C7}.Debug|x86.ActiveCfg = Debug|Win32
		{48626581-6F2F-495C-B19A-77F0A92583C7}.Debug|x86.Build.0 = Debug|Win32
		{48626581-6F2F-495C-B19A-77F0A92583C7}.Release|x64.ActiveCfg = Release|x64
		{48626581-6F2F-495C-B19A-77F0A92583C7}.Release|x64.Build.0 = Release|x64
		{48626581-6F2F-495C-B19A-77F0A92583C7}.Release|x86.ActiveCfg = Release|Win32
		{48626581-6F2F-495C-B19A-77F0A92583C7}.Release|x86.Build.0 = Release|Win32
		{A72C04C8-EEC4-43FC-8DBA-BEF4A7A24CDD}.Debug|x64.ActiveCfg = Debug|x64
		{A72C04C8-EEC4-43FC-8DBA-BEF4A7A24CDD}.Debug|x64.Build.0 = Debug|x64
		{A72C04C8-EEC4-43FC-8DBA-BEF4A7A24CDD}.Debug|x86.ActiveCfg = Debug|Win32
		{A72C04C8-EEC4-43FC-8DBA-BEF4A7A24CDD}.Debug|x86.Build.0 = Debug|Win32
		{A72C04C8-EEC4-43FC-8DBA-BEF4A7A24CDD}.Release|x64.ActiveCfg = Release|x64
		{A72C04C8-EEC4-43FC-8DBA-BEF4A7A24CDD}.Release|x64.Build.0 = Release|x64
		{A72C04C8-EEC4-43FC-8DBA-BEF4A7A24CDD}.Release|x86.ActiveCfg = Release|Win32
		{A72C04C8-EEC4-43FC-8DBA-BEF4A7A24CDD}.Release|x86.Build.0 = Release|Win32
		{D2F853F9-91D0-4D25-A25C-A35FE1E6AC2E}.Debug|x64.ActiveCfg = Debug|x64
		{D2F853F9-91D0-4D25-A25C-A35FE1E6AC2E}.Debug|x64.Build.0 = Debug|x64
		{D2F853F9-91D0-4D25-A25C-A35FE1E6AC2E}.Debug|x86.ActiveCfg = Debug|Win32
		{D2F853F9-91D0-4D25-A25C-A35FE1E6AC2E}.Debug|x86.Build.0 = Debug|Win32
		{D2F853F9-91D0-4D25-A25C-A35FE1E6AC2E}.Release|x64.ActiveCfg = Release|x64
		{D2F853F9-91D0-4D25-A25C-A35FE1E6AC2E}.Release|x64.Build.0 = Release|x64
		{D2F853F9-91D0-4D25-A25C-A35FE1E6AC2E}.Release|x86.ActiveCfg = Release|Win32
		{D2F853F9-91D0-4D25-A25C-A35FE1E6AC2E}.Release|x86.Build.0 = Release|Win32
		{632A9C81-DE36-4D41-B923-C8B53160594A}.Debug|x64.ActiveCfg = Debug|x64
		{632A9C81-DE36-4D41-B923-C8B53160594A}.Debug|x64.Build.0 = Debug|x64
		{632A9C81-DE36-4D41-B923-C8B53160594A}.Debug|x86.ActiveCfg = Debug|Win32
		{632A9C81-DE36-4D41-B923-C8B53160594A}.Debug|x86.Build.0 = Debug|Win32
		{632A9C81-DE36-4D41-B923-C8B53160594A}.Release|x64.ActiveCfg = Release|x64
		{632A9C81-DE36-4D41-B923-C8B53160594A}.Release|x64.Build.0 = Release|x64
		{632A9C81-DE36-4D41-B923-C8B53160594A}.Release|x86.ActiveCfg = Release|Win32
		{632A9C81-DE36-4D41-B923-C8B53160594A}.Release|x86.Build.0 = Release|Win32
		{601D3B3F-311E-4A6E-8ECD-3B57F5A77419}.Debug|x64.ActiveCfg = Debug|x64
		{601D3B3F-311E-4A6E-8ECD-3B57F5A77419}.Debug|x64.Build.0 = Debug|x64
		{601D3B3F-311E-4A6E-8ECD-3B57F5A77419}.Debug|x86.ActiveCfg = Debug|Win32
		{601D3B3F-311E-4A6E-8ECD-3B57F5A77419}.Debug|x86.Build.0 = Debug|Win32
		{601D3B3F-311E-4A6E-8ECD-3B57F5A77419}.Release|x64.ActiveCfg = Release|x64
		{601D3B3F-311E-4A6E-8ECD-3B57F5A77419}.Release|x64.Build.0 = Release|x64
		{601D3B3F-311E-4A6E-8ECD-3B57F5A77419}.Release|x86.ActiveCfg = Release|Win32
		{601D3B3F-311E-4A6E-8ECD-3B57F5A77419}.Release|x86.Build.0 = Release|Win32
		{5854CD91-7CAD-4866-8749-BECBA5CFE35B}.Debug|x64.ActiveCfg = Debug|x64
		{5854CD91-7CAD-4866-8749-BECBA5CFE35B}.Debug|x64.Build.0 = Debug|x64
		{5854CD91-7CAD-4866-8749-BECBA5CFE35B}.Debug|x86.ActiveCfg = Debug|Win32
		{5854CD91-7CAD-4866-8749-BECBA5CFE35B}.Debug|x86.Build.0 = Debug|Win32
		{5854CD91-7CAD-4866-8749-BECBA5CFE35B}.Release|x64.ActiveCfg = Release|x64
		{5854CD91-7CAD-4866-8749-BECBA5CFE35B}.Release|x64.Build.0 = Release|x64
		{5854CD91-7CAD-4866-8749-BECBA5CFE35B}.Release|x86.ActiveCfg = Release|Win32
		{5854CD91-7CAD-4866-8749-BECBA5CFE35B}.Release|x86.Build.0 = Release|Win32
		{96B528D9-510C-47F3-9C9D-0C5AE4EBBDE3}.Debug|x64.ActiveCfg = Debug|x64
		{96B528D9-510C-47F3-9C9D-0C5AE4EBBDE3}.Debug|x64.Build.0 = Debug|x64
		{96B528D9-510C-47F3-9C9D-0C5AE4EBBDE3}.Debug|x86.ActiveCfg = Debug|Win32
		{96B528D9-510C-47F3-9C9D-0C5AE4EBBDE3}.Debug|x86.Build.0 = Debug|Win32
		{96B528D9-510C-47F3-9C9D-0C5AE4EBBDE3}.Release|x64.ActiveCfg = Release|x64
		{96B528D9-510C-47F3-9C9D-0C5AE4EBBDE3}.Release|x64.Build.0 = Release|x64
		{96B528D9-510C-47F3-9C9D-0C5AE4EBBDE3}.Release|x86.ActiveCfg = Release|Win32
		{96B528D9-510C-47F3-9C9D-0C5AE4EBBDE3}.Release|x86.Build.0 = Release|Win32
		{B5FB263E-E691-4E73-A42F-F9AABCA68496}.Debug|x64.ActiveCfg = Debug|x64
		{B5FB263E-E691-4E73-A42F-F9AABCA68496}.Debug|x64.Build.0 = Debug|x64
		{B5FB263E-E691-4E73-A42F-F9AABCA68496}.Debug|x86.ActiveCfg = Debug|Win32
		{B5FB263E-E691-4E73-A42F-F9AABCA68496}.Debug|x86.Build.0 = Debug|Win32
		{B5FB263E-E691-4E73-A42F-F9AABCA68496}.Release|x64.ActiveCfg = Release|x64
		{B5FB263E-E691-4E73-A42F-F9AABCA68496}.Release|x64.Build.0 = Release|x64
		{B5FB263E-E691-4E73-A42F-F9AABCA68496}.Release|x86.ActiveCfg = Release|Win32
		{B5FB263E-E691-4E73-A42F-F9AABCA68496}.Release|x86.Build.0 = Release|Win32
		{03E18CC0-D15F-485D-97E0-E514DA1D679B}.Debug|x64.ActiveCfg = Debug|x64
		{03E18CC0-D15F-485D-97E0-E514DA1D679B}.Debug|x64.Build.0 = Debug|x64
		{03E18CC0-D15F-485D-97E0-E514DA1D679B}.Debug|x86.ActiveCfg = Debug|Win32
		{03E18CC0-D15F-485D-97E0-E514DA1D679B}.Debug|x86.Build.0 = Debug|Win32
		{03E18CC0-D15F-485D-97E0-E514DA1D679B}.Release|x64.ActiveCfg = Release|x64
		{03E18CC0-D15F-485D-97E0-E514DA1D679B}.Release|x64.Build.0 = Release|x64
		{03E18CC0-D15F-485D-97E0-E514DA1D679B}.Release|x86.ActiveCfg = Release|Win32
		{03E18CC0-D15F-485D-97E0-E514DA1D679B}.Release|x86.Build.0 = Release|Win32
		{A6386AC1-9715-408E-89F0-FD3DAE6CB25D}.Debug|x64.ActiveCfg = Debug|x64
		{A6386AC1-9715-408E-89F0-FD3DAE6CB25D}.Debug|x64.Build.0 = Debug|x64
		{A6386AC1-9715-408E-89F0-FD3DAE6CB25D}.Debug|x86.ActiveCfg = Debug|Win32
		{A6386AC1-9715-408E-89F0-FD3DAE6CB25D}.Debug|x86.Build.0 = Debug|Win32
		{A6386AC1-9715-408E-89F0-FD3DAE6CB25D}.Release|x64.ActiveCfg = Release|x64
		{A6386AC1-9715-408E-89F0-FD3DAE6CB25D}.Release|x64.Build.0 = Release|x64
		{A6386AC1-9715-408E-89F0-FD3DAE6CB25D}.Release|x86.ActiveCfg = Release|Win32
		{A6386AC1-9715-408E-89F0-FD3DAE6CB25D}.Release|x86.Build.0 = Release|Win32
		{7740564C-F65C-4E71-A419-782F5D28FE5A}.Debug|x64.ActiveCfg = Debug|x64
		{7740564C-F65C-4E71-A419-782F5D28FE5A}.Debug|x64.Build.0 = Debug|x64
		{7740564C-F65C-4E71-A419-782F5D28FE5A}.Debug|x86.ActiveCfg = Debug|Win32
		{7740564C-F65C-4E71-A419-782F5D28FE5A}.Debug|x86.Build.0 = Debug|Win32
		{7740564C-F65C-4E71-A419-782F5D28FE5A}.Release|x64.ActiveCfg = Release|x64
		{7740564C-F65C-4E71-A419-782F5D28FE5A}.Release|x64.Build.0 = Release|x64
		{7740564C-F65C-4E71-A419-782F5D28FE5A}.Release|x86.ActiveCfg = Release|Win32
		{7740564C-F65C-4E71-A419-782F5D28FE5A}.Release|x86.Build.0 = Release|Win32
		{997E29EE-11B6-4BBB-BFBB-2DFC6BC7FCBD}.Debug|x64.ActiveCfg = Debug|x64
		{997E29EE-11B6-4BBB-BFBB-2DFC6BC7FCBD}.Debug|x64.Build.0 = Debug|x64
		{997E29EE-11B6-4BBB-BFBB-2DFC6BC7FCBD}.Debug|x86.ActiveCfg = Debug|Win32
		{997E29EE-11B6-4BBB-BFBB-2DFC6BC7FCBD}.Debug|x86.Build.0 = Debug|Win32
		{997E29EE-11B6-4BBB-BFBB-2DFC6BC7FCBD}.Release|x64.ActiveCfg = Release|x64
		{997E29EE-11B6-4BBB-BFBB-2DFC6BC7FCBD}.Release|x64.Build.0 = Release|x64
		{997E29EE-11B6-4BBB-BFBB-2DFC6BC7FCBD}.Release|x86.ActiveCfg = Release|Win32
		{997E29EE-11B6-4BBB-BFBB-2DFC6BC7FCBD}.Release|x86.Build.0 = Release|Win32
		{37185AD9-9DD6-4462-BE3D-34AB68FA17A5}.Debug|x64.ActiveCfg = Debug|x64
		{37185AD9-9DD6-4462-BE3D-34AB68FA17A5}.Debug|x64.Build.0 = Debug|x64
		{37185AD9-9DD6-4462-BE3D-34AB68FA17A5}.Debug|x86.ActiveCfg = Debug|Win32
		{37185AD9-9DD6-4462-BE3D-34AB68FA17A5}.Debug|x86.Build.0 = Debug|Win32
		{37185AD9-9DD6-4462-BE3D-34AB68FA17A5}.Release|x64.ActiveCfg = Release|x64
		{37185AD9-9DD6-4462-BE3D-34AB68FA17A5}.Release|x64.Build.0 = Release|x64
		{37185AD9-9DD6-4462-BE3D-34AB68FA17A5}.Release|x86.ActiveCfg = Release|Win32
		{37185AD9-9DD6-4462-BE3D-34AB68FA17A5}.Release|x86.Build.0 = Release|Win32
	EndGlobalSection
	GlobalSection(SolutionProperties) = preSolution
		HideSolutionNode = FALSE
	EndGlobalSection
	GlobalSection(ExtensibilityGlobals) = postSolution
		SolutionGuid = {660137FE-8836-45EA-90B4-0A29B1B5065F}
	EndGlobalSection
EndGlobal
